
Microsoft Visual Studio Solution File, Format Version 12.00
# Visual Studio Version 17
VisualStudioVersion = 17.1.32319.34
MinimumVisualStudioVersion = 10.0.40219.1
Project("{9A19103F-16F7-4668-BE54-9A1E7A4F7556}") = "WinFormsApp.UI.Test", "WinFormsApp.UI.Test\WinFormsApp.UI.Test.csproj", "{3F782409-5BB0-478E-B8F5-E2011BFE8D86}"
EndProject
Project("{9A19103F-16F7-4668-BE54-9A1E7A4F7556}") = "TheTechIdea.Beep.Container", "..\Beep.Containers\Beep.Container\TheTechIdea.Beep.Container.csproj", "{AEB377D6-08B7-411C-9AE3-E5523F64BF2C}"
EndProject
Project("{9A19103F-16F7-4668-BE54-9A1E7A4F7556}") = "TheTechIdea.Beep.Container.Model", "..\Beep.Containers\Beep.Containers.Models\TheTechIdea.Beep.Container.Model.csproj", "{53AC67EA-9AE1-4B15-B882-2ECFB35EC250}"
EndProject
Project("{9A19103F-16F7-4668-BE54-9A1E7A4F7556}") = "TheTechIdea.Beep.MVVM", "..\Beep.ViewModels\TheTechIdea.Beep.MVVM\TheTechIdea.Beep.MVVM.csproj", "{0D408BF0-80BF-4205-9A1A-B0DDEF425AA2}"
EndProject
Project("{FAE04EC0-301F-11D3-BF4B-00C04F79EFBC}") = "TheTechIdea.Beep.Vis.Modules", "..\Beep.Winform\TheTechIdea.Beep.Vis.Modules2.0\TheTechIdea.Beep.Vis.Modules.csproj", "{5A2EA091-CF86-4EDA-A36A-BF66B58A3489}"
EndProject
Project("{FAE04EC0-301F-11D3-BF4B-00C04F79EFBC}") = "TheTechIdea.Beep.Vis.Logic", "..\Beep.Winform\TheTechIdea.Beep.Vis.Logic\TheTechIdea.Beep.Vis.Logic.csproj", "{AA6E2891-DBC1-49C0-AA87-D84E1E8F9EBF}"
EndProject
Project("{FAE04EC0-301F-11D3-BF4B-00C04F79EFBC}") = "TheTechIdea.Beep.Winform.Controls", "..\Beep.Winform\TheTechIdea.Beep.Winform.Controls\TheTechIdea.Beep.Winform.Controls.csproj", "{1992C39A-6EC1-49A1-9614-BFE4968F6E04}"
EndProject
Project("{FAE04EC0-301F-11D3-BF4B-00C04F79EFBC}") = "TheTechIdea.Beep.Winform.Extensions", "..\Beep.Winform\TheTechIdea.Beep.Winform.Extensions\TheTechIdea.Beep.Winform.Extensions.csproj", "{1071826E-5541-42D7-B3B7-90ED66DBAA0F}"
EndProject
Project("{FAE04EC0-301F-11D3-BF4B-00C04F79EFBC}") = "NuggetDummy", "..\..\LocalNugetFiles\NuggetDummy\NuggetDummy.csproj", "{A05ABE25-39CA-4EB6-BE6B-728AF258EEF6}"
EndProject
Project("{FAE04EC0-301F-11D3-BF4B-00C04F79EFBC}") = "TheTechIdea.Beep.Winform.Views", "..\Beep.Winform\TheTechIdea.Beep.Winform.Views\TheTechIdea.Beep.Winform.Views.csproj", "{7B45BDE3-4B67-4702-905B-10D3E0B9D3D3}"
EndProject
Project("{FAE04EC0-301F-11D3-BF4B-00C04F79EFBC}") = "Beep.WinForm.Sample.App", "..\Beep.Winform.AppTemplate\BeepWinFormsApp\Beep.WinForm.Sample.App.csproj", "{6D6C9AF6-2B31-471C-B4DB-1E6679B5F146}"
EndProject
Project("{FAE04EC0-301F-11D3-BF4B-00C04F79EFBC}") = "TheTechIdea.Beep.Winform.Controls.Common", "..\Beep.Winform\TheTechIdea.Beep.Winform.Controls.Common\TheTechIdea.Beep.Winform.Controls.Common.csproj", "{E264887E-AA0E-43BF-A2D5-43F6235DA229}"
EndProject
Project("{FAE04EC0-301F-11D3-BF4B-00C04F79EFBC}") = "DataManagementEngine", "..\BeepDM\DataManagementEngineStandard\DataManagementEngine.csproj", "{687C8C5F-CB6D-441A-83D4-8F858F3AEC73}"
EndProject
Project("{FAE04EC0-301F-11D3-BF4B-00C04F79EFBC}") = "DataManagementModels", "..\BeepDM\DataManagementModelsStandard\DataManagementModels.csproj", "{EE905D47-0A40-4881-AE02-04BF2238234F}"
EndProject
Project("{FAE04EC0-301F-11D3-BF4B-00C04F79EFBC}") = "Assembly_helpers", "..\BeepDM\Assembly_helpersStandard\Assembly_helpers.csproj", "{3C8D3BF5-FA53-4050-AA7A-E674EED7A8BE}"
EndProject
Project("{FAE04EC0-301F-11D3-BF4B-00C04F79EFBC}") = "DMLogger", "..\BeepDM\DMLoggerStandard\DMLogger.csproj", "{924C9DB4-03FA-478A-8585-B582DD93C0CA}"
EndProject
Global
	GlobalSection(SolutionConfigurationPlatforms) = preSolution
		Debug|Any CPU = Debug|Any CPU
		Debug|arm64 = Debug|arm64
		Debug|x64 = Debug|x64
		Debug|x86 = Debug|x86
		Release|Any CPU = Release|Any CPU
		Release|arm64 = Release|arm64
		Release|x64 = Release|x64
		Release|x86 = Release|x86
	EndGlobalSection
	GlobalSection(ProjectConfigurationPlatforms) = postSolution
		{3F782409-5BB0-478E-B8F5-E2011BFE8D86}.Debug|Any CPU.ActiveCfg = Debug|Any CPU
		{3F782409-5BB0-478E-B8F5-E2011BFE8D86}.Debug|Any CPU.Build.0 = Debug|Any CPU
		{3F782409-5BB0-478E-B8F5-E2011BFE8D86}.Debug|arm64.ActiveCfg = Debug|Any CPU
		{3F782409-5BB0-478E-B8F5-E2011BFE8D86}.Debug|arm64.Build.0 = Debug|Any CPU
		{3F782409-5BB0-478E-B8F5-E2011BFE8D86}.Debug|x64.ActiveCfg = Debug|Any CPU
		{3F782409-5BB0-478E-B8F5-E2011BFE8D86}.Debug|x64.Build.0 = Debug|Any CPU
		{3F782409-5BB0-478E-B8F5-E2011BFE8D86}.Debug|x86.ActiveCfg = Debug|Any CPU
		{3F782409-5BB0-478E-B8F5-E2011BFE8D86}.Debug|x86.Build.0 = Debug|Any CPU
		{3F782409-5BB0-478E-B8F5-E2011BFE8D86}.Release|Any CPU.ActiveCfg = Release|Any CPU
		{3F782409-5BB0-478E-B8F5-E2011BFE8D86}.Release|Any CPU.Build.0 = Release|Any CPU
		{3F782409-5BB0-478E-B8F5-E2011BFE8D86}.Release|arm64.ActiveCfg = Release|Any CPU
		{3F782409-5BB0-478E-B8F5-E2011BFE8D86}.Release|arm64.Build.0 = Release|Any CPU
		{3F782409-5BB0-478E-B8F5-E2011BFE8D86}.Release|x64.ActiveCfg = Release|Any CPU
		{3F782409-5BB0-478E-B8F5-E2011BFE8D86}.Release|x64.Build.0 = Release|Any CPU
		{3F782409-5BB0-478E-B8F5-E2011BFE8D86}.Release|x86.ActiveCfg = Release|Any CPU
		{3F782409-5BB0-478E-B8F5-E2011BFE8D86}.Release|x86.Build.0 = Release|Any CPU
		{AEB377D6-08B7-411C-9AE3-E5523F64BF2C}.Debug|Any CPU.ActiveCfg = Debug|Any CPU
		{AEB377D6-08B7-411C-9AE3-E5523F64BF2C}.Debug|Any CPU.Build.0 = Debug|Any CPU
		{AEB377D6-08B7-411C-9AE3-E5523F64BF2C}.Debug|arm64.ActiveCfg = Debug|Any CPU
		{AEB377D6-08B7-411C-9AE3-E5523F64BF2C}.Debug|arm64.Build.0 = Debug|Any CPU
		{AEB377D6-08B7-411C-9AE3-E5523F64BF2C}.Debug|x64.ActiveCfg = Debug|Any CPU
		{AEB377D6-08B7-411C-9AE3-E5523F64BF2C}.Debug|x64.Build.0 = Debug|Any CPU
		{AEB377D6-08B7-411C-9AE3-E5523F64BF2C}.Debug|x86.ActiveCfg = Debug|Any CPU
		{AEB377D6-08B7-411C-9AE3-E5523F64BF2C}.Debug|x86.Build.0 = Debug|Any CPU
		{AEB377D6-08B7-411C-9AE3-E5523F64BF2C}.Release|Any CPU.ActiveCfg = Release|Any CPU
		{AEB377D6-08B7-411C-9AE3-E5523F64BF2C}.Release|Any CPU.Build.0 = Release|Any CPU
		{AEB377D6-08B7-411C-9AE3-E5523F64BF2C}.Release|arm64.ActiveCfg = Release|Any CPU
		{AEB377D6-08B7-411C-9AE3-E5523F64BF2C}.Release|arm64.Build.0 = Release|Any CPU
		{AEB377D6-08B7-411C-9AE3-E5523F64BF2C}.Release|x64.ActiveCfg = Release|Any CPU
		{AEB377D6-08B7-411C-9AE3-E5523F64BF2C}.Release|x64.Build.0 = Release|Any CPU
		{AEB377D6-08B7-411C-9AE3-E5523F64BF2C}.Release|x86.ActiveCfg = Release|Any CPU
		{AEB377D6-08B7-411C-9AE3-E5523F64BF2C}.Release|x86.Build.0 = Release|Any CPU
		{53AC67EA-9AE1-4B15-B882-2ECFB35EC250}.Debug|Any CPU.ActiveCfg = Debug|Any CPU
		{53AC67EA-9AE1-4B15-B882-2ECFB35EC250}.Debug|Any CPU.Build.0 = Debug|Any CPU
		{53AC67EA-9AE1-4B15-B882-2ECFB35EC250}.Debug|arm64.ActiveCfg = Debug|Any CPU
		{53AC67EA-9AE1-4B15-B882-2ECFB35EC250}.Debug|arm64.Build.0 = Debug|Any CPU
		{53AC67EA-9AE1-4B15-B882-2ECFB35EC250}.Debug|x64.ActiveCfg = Debug|Any CPU
		{53AC67EA-9AE1-4B15-B882-2ECFB35EC250}.Debug|x64.Build.0 = Debug|Any CPU
		{53AC67EA-9AE1-4B15-B882-2ECFB35EC250}.Debug|x86.ActiveCfg = Debug|Any CPU
		{53AC67EA-9AE1-4B15-B882-2ECFB35EC250}.Debug|x86.Build.0 = Debug|Any CPU
		{53AC67EA-9AE1-4B15-B882-2ECFB35EC250}.Release|Any CPU.ActiveCfg = Release|Any CPU
		{53AC67EA-9AE1-4B15-B882-2ECFB35EC250}.Release|Any CPU.Build.0 = Release|Any CPU
		{53AC67EA-9AE1-4B15-B882-2ECFB35EC250}.Release|arm64.ActiveCfg = Release|Any CPU
		{53AC67EA-9AE1-4B15-B882-2ECFB35EC250}.Release|arm64.Build.0 = Release|Any CPU
		{53AC67EA-9AE1-4B15-B882-2ECFB35EC250}.Release|x64.ActiveCfg = Release|Any CPU
		{53AC67EA-9AE1-4B15-B882-2ECFB35EC250}.Release|x64.Build.0 = Release|Any CPU
		{53AC67EA-9AE1-4B15-B882-2ECFB35EC250}.Release|x86.ActiveCfg = Release|Any CPU
		{53AC67EA-9AE1-4B15-B882-2ECFB35EC250}.Release|x86.Build.0 = Release|Any CPU
		{0D408BF0-80BF-4205-9A1A-B0DDEF425AA2}.Debug|Any CPU.ActiveCfg = Debug|Any CPU
		{0D408BF0-80BF-4205-9A1A-B0DDEF425AA2}.Debug|Any CPU.Build.0 = Debug|Any CPU
		{0D408BF0-80BF-4205-9A1A-B0DDEF425AA2}.Debug|arm64.ActiveCfg = Debug|Any CPU
		{0D408BF0-80BF-4205-9A1A-B0DDEF425AA2}.Debug|arm64.Build.0 = Debug|Any CPU
		{0D408BF0-80BF-4205-9A1A-B0DDEF425AA2}.Debug|x64.ActiveCfg = Debug|Any CPU
		{0D408BF0-80BF-4205-9A1A-B0DDEF425AA2}.Debug|x64.Build.0 = Debug|Any CPU
		{0D408BF0-80BF-4205-9A1A-B0DDEF425AA2}.Debug|x86.ActiveCfg = Debug|Any CPU
		{0D408BF0-80BF-4205-9A1A-B0DDEF425AA2}.Debug|x86.Build.0 = Debug|Any CPU
		{0D408BF0-80BF-4205-9A1A-B0DDEF425AA2}.Release|Any CPU.ActiveCfg = Release|Any CPU
		{0D408BF0-80BF-4205-9A1A-B0DDEF425AA2}.Release|Any CPU.Build.0 = Release|Any CPU
		{0D408BF0-80BF-4205-9A1A-B0DDEF425AA2}.Release|arm64.ActiveCfg = Release|Any CPU
		{0D408BF0-80BF-4205-9A1A-B0DDEF425AA2}.Release|arm64.Build.0 = Release|Any CPU
		{0D408BF0-80BF-4205-9A1A-B0DDEF425AA2}.Release|x64.ActiveCfg = Release|Any CPU
		{0D408BF0-80BF-4205-9A1A-B0DDEF425AA2}.Release|x64.Build.0 = Release|Any CPU
		{0D408BF0-80BF-4205-9A1A-B0DDEF425AA2}.Release|x86.ActiveCfg = Release|Any CPU
		{0D408BF0-80BF-4205-9A1A-B0DDEF425AA2}.Release|x86.Build.0 = Release|Any CPU
		{5A2EA091-CF86-4EDA-A36A-BF66B58A3489}.Debug|Any CPU.ActiveCfg = Debug|Any CPU
		{5A2EA091-CF86-4EDA-A36A-BF66B58A3489}.Debug|Any CPU.Build.0 = Debug|Any CPU
		{5A2EA091-CF86-4EDA-A36A-BF66B58A3489}.Debug|arm64.ActiveCfg = Debug|Any CPU
		{5A2EA091-CF86-4EDA-A36A-BF66B58A3489}.Debug|arm64.Build.0 = Debug|Any CPU
		{5A2EA091-CF86-4EDA-A36A-BF66B58A3489}.Debug|x64.ActiveCfg = Debug|Any CPU
		{5A2EA091-CF86-4EDA-A36A-BF66B58A3489}.Debug|x64.Build.0 = Debug|Any CPU
		{5A2EA091-CF86-4EDA-A36A-BF66B58A3489}.Debug|x86.ActiveCfg = Debug|Any CPU
		{5A2EA091-CF86-4EDA-A36A-BF66B58A3489}.Debug|x86.Build.0 = Debug|Any CPU
		{5A2EA091-CF86-4EDA-A36A-BF66B58A3489}.Release|Any CPU.ActiveCfg = Release|Any CPU
		{5A2EA091-CF86-4EDA-A36A-BF66B58A3489}.Release|Any CPU.Build.0 = Release|Any CPU
		{5A2EA091-CF86-4EDA-A36A-BF66B58A3489}.Release|arm64.ActiveCfg = Release|Any CPU
		{5A2EA091-CF86-4EDA-A36A-BF66B58A3489}.Release|arm64.Build.0 = Release|Any CPU
		{5A2EA091-CF86-4EDA-A36A-BF66B58A3489}.Release|x64.ActiveCfg = Release|Any CPU
		{5A2EA091-CF86-4EDA-A36A-BF66B58A3489}.Release|x64.Build.0 = Release|Any CPU
		{5A2EA091-CF86-4EDA-A36A-BF66B58A3489}.Release|x86.ActiveCfg = Release|Any CPU
		{5A2EA091-CF86-4EDA-A36A-BF66B58A3489}.Release|x86.Build.0 = Release|Any CPU
		{AA6E2891-DBC1-49C0-AA87-D84E1E8F9EBF}.Debug|Any CPU.ActiveCfg = Debug|Any CPU
		{AA6E2891-DBC1-49C0-AA87-D84E1E8F9EBF}.Debug|Any CPU.Build.0 = Debug|Any CPU
		{AA6E2891-DBC1-49C0-AA87-D84E1E8F9EBF}.Debug|arm64.ActiveCfg = Debug|Any CPU
		{AA6E2891-DBC1-49C0-AA87-D84E1E8F9EBF}.Debug|arm64.Build.0 = Debug|Any CPU
		{AA6E2891-DBC1-49C0-AA87-D84E1E8F9EBF}.Debug|x64.ActiveCfg = Debug|Any CPU
		{AA6E2891-DBC1-49C0-AA87-D84E1E8F9EBF}.Debug|x64.Build.0 = Debug|Any CPU
		{AA6E2891-DBC1-49C0-AA87-D84E1E8F9EBF}.Debug|x86.ActiveCfg = Debug|Any CPU
		{AA6E2891-DBC1-49C0-AA87-D84E1E8F9EBF}.Debug|x86.Build.0 = Debug|Any CPU
		{AA6E2891-DBC1-49C0-AA87-D84E1E8F9EBF}.Release|Any CPU.ActiveCfg = Release|Any CPU
		{AA6E2891-DBC1-49C0-AA87-D84E1E8F9EBF}.Release|Any CPU.Build.0 = Release|Any CPU
		{AA6E2891-DBC1-49C0-AA87-D84E1E8F9EBF}.Release|arm64.ActiveCfg = Release|Any CPU
		{AA6E2891-DBC1-49C0-AA87-D84E1E8F9EBF}.Release|arm64.Build.0 = Release|Any CPU
		{AA6E2891-DBC1-49C0-AA87-D84E1E8F9EBF}.Release|x64.ActiveCfg = Release|Any CPU
		{AA6E2891-DBC1-49C0-AA87-D84E1E8F9EBF}.Release|x64.Build.0 = Release|Any CPU
		{AA6E2891-DBC1-49C0-AA87-D84E1E8F9EBF}.Release|x86.ActiveCfg = Release|Any CPU
		{AA6E2891-DBC1-49C0-AA87-D84E1E8F9EBF}.Release|x86.Build.0 = Release|Any CPU
		{1992C39A-6EC1-49A1-9614-BFE4968F6E04}.Debug|Any CPU.ActiveCfg = Debug|Any CPU
		{1992C39A-6EC1-49A1-9614-BFE4968F6E04}.Debug|Any CPU.Build.0 = Debug|Any CPU
		{1992C39A-6EC1-49A1-9614-BFE4968F6E04}.Debug|arm64.ActiveCfg = Debug|Any CPU
		{1992C39A-6EC1-49A1-9614-BFE4968F6E04}.Debug|arm64.Build.0 = Debug|Any CPU
		{1992C39A-6EC1-49A1-9614-BFE4968F6E04}.Debug|x64.ActiveCfg = Debug|Any CPU
		{1992C39A-6EC1-49A1-9614-BFE4968F6E04}.Debug|x64.Build.0 = Debug|Any CPU
		{1992C39A-6EC1-49A1-9614-BFE4968F6E04}.Debug|x86.ActiveCfg = Debug|Any CPU
		{1992C39A-6EC1-49A1-9614-BFE4968F6E04}.Debug|x86.Build.0 = Debug|Any CPU
		{1992C39A-6EC1-49A1-9614-BFE4968F6E04}.Release|Any CPU.ActiveCfg = Release|Any CPU
		{1992C39A-6EC1-49A1-9614-BFE4968F6E04}.Release|Any CPU.Build.0 = Release|Any CPU
		{1992C39A-6EC1-49A1-9614-BFE4968F6E04}.Release|arm64.ActiveCfg = Release|Any CPU
		{1992C39A-6EC1-49A1-9614-BFE4968F6E04}.Release|arm64.Build.0 = Release|Any CPU
		{1992C39A-6EC1-49A1-9614-BFE4968F6E04}.Release|x64.ActiveCfg = Release|Any CPU
		{1992C39A-6EC1-49A1-9614-BFE4968F6E04}.Release|x64.Build.0 = Release|Any CPU
		{1992C39A-6EC1-49A1-9614-BFE4968F6E04}.Release|x86.ActiveCfg = Release|Any CPU
		{1992C39A-6EC1-49A1-9614-BFE4968F6E04}.Release|x86.Build.0 = Release|Any CPU
		{1071826E-5541-42D7-B3B7-90ED66DBAA0F}.Debug|Any CPU.ActiveCfg = Debug|Any CPU
		{1071826E-5541-42D7-B3B7-90ED66DBAA0F}.Debug|Any CPU.Build.0 = Debug|Any CPU
		{1071826E-5541-42D7-B3B7-90ED66DBAA0F}.Debug|arm64.ActiveCfg = Debug|Any CPU
		{1071826E-5541-42D7-B3B7-90ED66DBAA0F}.Debug|arm64.Build.0 = Debug|Any CPU
		{1071826E-5541-42D7-B3B7-90ED66DBAA0F}.Debug|x64.ActiveCfg = Debug|Any CPU
		{1071826E-5541-42D7-B3B7-90ED66DBAA0F}.Debug|x64.Build.0 = Debug|Any CPU
		{1071826E-5541-42D7-B3B7-90ED66DBAA0F}.Debug|x86.ActiveCfg = Debug|Any CPU
		{1071826E-5541-42D7-B3B7-90ED66DBAA0F}.Debug|x86.Build.0 = Debug|Any CPU
		{1071826E-5541-42D7-B3B7-90ED66DBAA0F}.Release|Any CPU.ActiveCfg = Release|Any CPU
		{1071826E-5541-42D7-B3B7-90ED66DBAA0F}.Release|Any CPU.Build.0 = Release|Any CPU
		{1071826E-5541-42D7-B3B7-90ED66DBAA0F}.Release|arm64.ActiveCfg = Release|Any CPU
		{1071826E-5541-42D7-B3B7-90ED66DBAA0F}.Release|arm64.Build.0 = Release|Any CPU
		{1071826E-5541-42D7-B3B7-90ED66DBAA0F}.Release|x64.ActiveCfg = Release|Any CPU
		{1071826E-5541-42D7-B3B7-90ED66DBAA0F}.Release|x64.Build.0 = Release|Any CPU
		{1071826E-5541-42D7-B3B7-90ED66DBAA0F}.Release|x86.ActiveCfg = Release|Any CPU
		{1071826E-5541-42D7-B3B7-90ED66DBAA0F}.Release|x86.Build.0 = Release|Any CPU
		{A05ABE25-39CA-4EB6-BE6B-728AF258EEF6}.Debug|Any CPU.ActiveCfg = Debug|Any CPU
		{A05ABE25-39CA-4EB6-BE6B-728AF258EEF6}.Debug|Any CPU.Build.0 = Debug|Any CPU
		{A05ABE25-39CA-4EB6-BE6B-728AF258EEF6}.Debug|arm64.ActiveCfg = Debug|Any CPU
		{A05ABE25-39CA-4EB6-BE6B-728AF258EEF6}.Debug|arm64.Build.0 = Debug|Any CPU
		{A05ABE25-39CA-4EB6-BE6B-728AF258EEF6}.Debug|x64.ActiveCfg = Debug|x64
		{A05ABE25-39CA-4EB6-BE6B-728AF258EEF6}.Debug|x64.Build.0 = Debug|x64
		{A05ABE25-39CA-4EB6-BE6B-728AF258EEF6}.Debug|x86.ActiveCfg = Debug|Any CPU
		{A05ABE25-39CA-4EB6-BE6B-728AF258EEF6}.Debug|x86.Build.0 = Debug|Any CPU
		{A05ABE25-39CA-4EB6-BE6B-728AF258EEF6}.Release|Any CPU.ActiveCfg = Release|Any CPU
		{A05ABE25-39CA-4EB6-BE6B-728AF258EEF6}.Release|Any CPU.Build.0 = Release|Any CPU
		{A05ABE25-39CA-4EB6-BE6B-728AF258EEF6}.Release|arm64.ActiveCfg = Release|Any CPU
		{A05ABE25-39CA-4EB6-BE6B-728AF258EEF6}.Release|arm64.Build.0 = Release|Any CPU
		{A05ABE25-39CA-4EB6-BE6B-728AF258EEF6}.Release|x64.ActiveCfg = Release|x64
		{A05ABE25-39CA-4EB6-BE6B-728AF258EEF6}.Release|x64.Build.0 = Release|x64
		{A05ABE25-39CA-4EB6-BE6B-728AF258EEF6}.Release|x86.ActiveCfg = Release|Any CPU
		{A05ABE25-39CA-4EB6-BE6B-728AF258EEF6}.Release|x86.Build.0 = Release|Any CPU
		{7B45BDE3-4B67-4702-905B-10D3E0B9D3D3}.Debug|Any CPU.ActiveCfg = Debug|Any CPU
		{7B45BDE3-4B67-4702-905B-10D3E0B9D3D3}.Debug|Any CPU.Build.0 = Debug|Any CPU
		{7B45BDE3-4B67-4702-905B-10D3E0B9D3D3}.Debug|arm64.ActiveCfg = Debug|Any CPU
		{7B45BDE3-4B67-4702-905B-10D3E0B9D3D3}.Debug|arm64.Build.0 = Debug|Any CPU
		{7B45BDE3-4B67-4702-905B-10D3E0B9D3D3}.Debug|x64.ActiveCfg = Debug|Any CPU
		{7B45BDE3-4B67-4702-905B-10D3E0B9D3D3}.Debug|x64.Build.0 = Debug|Any CPU
		{7B45BDE3-4B67-4702-905B-10D3E0B9D3D3}.Debug|x86.ActiveCfg = Debug|Any CPU
		{7B45BDE3-4B67-4702-905B-10D3E0B9D3D3}.Debug|x86.Build.0 = Debug|Any CPU
		{7B45BDE3-4B67-4702-905B-10D3E0B9D3D3}.Release|Any CPU.ActiveCfg = Release|Any CPU
		{7B45BDE3-4B67-4702-905B-10D3E0B9D3D3}.Release|Any CPU.Build.0 = Release|Any CPU
		{7B45BDE3-4B67-4702-905B-10D3E0B9D3D3}.Release|arm64.ActiveCfg = Release|Any CPU
		{7B45BDE3-4B67-4702-905B-10D3E0B9D3D3}.Release|arm64.Build.0 = Release|Any CPU
		{7B45BDE3-4B67-4702-905B-10D3E0B9D3D3}.Release|x64.ActiveCfg = Release|Any CPU
		{7B45BDE3-4B67-4702-905B-10D3E0B9D3D3}.Release|x64.Build.0 = Release|Any CPU
		{7B45BDE3-4B67-4702-905B-10D3E0B9D3D3}.Release|x86.ActiveCfg = Release|Any CPU
		{7B45BDE3-4B67-4702-905B-10D3E0B9D3D3}.Release|x86.Build.0 = Release|Any CPU
		{6D6C9AF6-2B31-471C-B4DB-1E6679B5F146}.Debug|Any CPU.ActiveCfg = Debug|Any CPU
		{6D6C9AF6-2B31-471C-B4DB-1E6679B5F146}.Debug|Any CPU.Build.0 = Debug|Any CPU
		{6D6C9AF6-2B31-471C-B4DB-1E6679B5F146}.Debug|arm64.ActiveCfg = Debug|Any CPU
		{6D6C9AF6-2B31-471C-B4DB-1E6679B5F146}.Debug|arm64.Build.0 = Debug|Any CPU
		{6D6C9AF6-2B31-471C-B4DB-1E6679B5F146}.Debug|x64.ActiveCfg = Debug|Any CPU
		{6D6C9AF6-2B31-471C-B4DB-1E6679B5F146}.Debug|x64.Build.0 = Debug|Any CPU
		{6D6C9AF6-2B31-471C-B4DB-1E6679B5F146}.Debug|x86.ActiveCfg = Debug|Any CPU
		{6D6C9AF6-2B31-471C-B4DB-1E6679B5F146}.Debug|x86.Build.0 = Debug|Any CPU
		{6D6C9AF6-2B31-471C-B4DB-1E6679B5F146}.Release|Any CPU.ActiveCfg = Release|Any CPU
		{6D6C9AF6-2B31-471C-B4DB-1E6679B5F146}.Release|Any CPU.Build.0 = Release|Any CPU
		{6D6C9AF6-2B31-471C-B4DB-1E6679B5F146}.Release|arm64.ActiveCfg = Release|Any CPU
		{6D6C9AF6-2B31-471C-B4DB-1E6679B5F146}.Release|arm64.Build.0 = Release|Any CPU
		{6D6C9AF6-2B31-471C-B4DB-1E6679B5F146}.Release|x64.ActiveCfg = Release|Any CPU
		{6D6C9AF6-2B31-471C-B4DB-1E6679B5F146}.Release|x64.Build.0 = Release|Any CPU
		{6D6C9AF6-2B31-471C-B4DB-1E6679B5F146}.Release|x86.ActiveCfg = Release|Any CPU
		{6D6C9AF6-2B31-471C-B4DB-1E6679B5F146}.Release|x86.Build.0 = Release|Any CPU
		{E264887E-AA0E-43BF-A2D5-43F6235DA229}.Debug|Any CPU.ActiveCfg = Debug|Any CPU
		{E264887E-AA0E-43BF-A2D5-43F6235DA229}.Debug|Any CPU.Build.0 = Debug|Any CPU
		{E264887E-AA0E-43BF-A2D5-43F6235DA229}.Debug|arm64.ActiveCfg = Debug|Any CPU
		{E264887E-AA0E-43BF-A2D5-43F6235DA229}.Debug|arm64.Build.0 = Debug|Any CPU
		{E264887E-AA0E-43BF-A2D5-43F6235DA229}.Debug|x64.ActiveCfg = Debug|Any CPU
		{E264887E-AA0E-43BF-A2D5-43F6235DA229}.Debug|x64.Build.0 = Debug|Any CPU
		{E264887E-AA0E-43BF-A2D5-43F6235DA229}.Debug|x86.ActiveCfg = Debug|Any CPU
		{E264887E-AA0E-43BF-A2D5-43F6235DA229}.Debug|x86.Build.0 = Debug|Any CPU
		{E264887E-AA0E-43BF-A2D5-43F6235DA229}.Release|Any CPU.ActiveCfg = Release|Any CPU
		{E264887E-AA0E-43BF-A2D5-43F6235DA229}.Release|Any CPU.Build.0 = Release|Any CPU
		{E264887E-AA0E-43BF-A2D5-43F6235DA229}.Release|arm64.ActiveCfg = Release|Any CPU
		{E264887E-AA0E-43BF-A2D5-43F6235DA229}.Release|arm64.Build.0 = Release|Any CPU
		{E264887E-AA0E-43BF-A2D5-43F6235DA229}.Release|x64.ActiveCfg = Release|Any CPU
		{E264887E-AA0E-43BF-A2D5-43F6235DA229}.Release|x64.Build.0 = Release|Any CPU
		{E264887E-AA0E-43BF-A2D5-43F6235DA229}.Release|x86.ActiveCfg = Release|Any CPU
		{E264887E-AA0E-43BF-A2D5-43F6235DA229}.Release|x86.Build.0 = Release|Any CPU
		{687C8C5F-CB6D-441A-83D4-8F858F3AEC73}.Debug|Any CPU.ActiveCfg = Debug|Any CPU
		{687C8C5F-CB6D-441A-83D4-8F858F3AEC73}.Debug|Any CPU.Build.0 = Debug|Any CPU
		{687C8C5F-CB6D-441A-83D4-8F858F3AEC73}.Debug|arm64.ActiveCfg = Debug|Any CPU
		{687C8C5F-CB6D-441A-83D4-8F858F3AEC73}.Debug|arm64.Build.0 = Debug|Any CPU
		{687C8C5F-CB6D-441A-83D4-8F858F3AEC73}.Debug|x64.ActiveCfg = Debug|Any CPU
		{687C8C5F-CB6D-441A-83D4-8F858F3AEC73}.Debug|x64.Build.0 = Debug|Any CPU
		{687C8C5F-CB6D-441A-83D4-8F858F3AEC73}.Debug|x86.ActiveCfg = Debug|Any CPU
		{687C8C5F-CB6D-441A-83D4-8F858F3AEC73}.Debug|x86.Build.0 = Debug|Any CPU
		{687C8C5F-CB6D-441A-83D4-8F858F3AEC73}.Release|Any CPU.ActiveCfg = Release|Any CPU
		{687C8C5F-CB6D-441A-83D4-8F858F3AEC73}.Release|Any CPU.Build.0 = Release|Any CPU
		{687C8C5F-CB6D-441A-83D4-8F858F3AEC73}.Release|arm64.ActiveCfg = Release|Any CPU
		{687C8C5F-CB6D-441A-83D4-8F858F3AEC73}.Release|arm64.Build.0 = Release|Any CPU
		{687C8C5F-CB6D-441A-83D4-8F858F3AEC73}.Release|x64.ActiveCfg = Release|Any CPU
		{687C8C5F-CB6D-441A-83D4-8F858F3AEC73}.Release|x64.Build.0 = Release|Any CPU
		{687C8C5F-CB6D-441A-83D4-8F858F3AEC73}.Release|x86.ActiveCfg = Release|Any CPU
		{687C8C5F-CB6D-441A-83D4-8F858F3AEC73}.Release|x86.Build.0 = Release|Any CPU
		{EE905D47-0A40-4881-AE02-04BF2238234F}.Debug|Any CPU.ActiveCfg = Debug|Any CPU
		{EE905D47-0A40-4881-AE02-04BF2238234F}.Debug|Any CPU.Build.0 = Debug|Any CPU
		{EE905D47-0A40-4881-AE02-04BF2238234F}.Debug|arm64.ActiveCfg = Debug|Any CPU
		{EE905D47-0A40-4881-AE02-04BF2238234F}.Debug|arm64.Build.0 = Debug|Any CPU
		{EE905D47-0A40-4881-AE02-04BF2238234F}.Debug|x64.ActiveCfg = Debug|Any CPU
		{EE905D47-0A40-4881-AE02-04BF2238234F}.Debug|x64.Build.0 = Debug|Any CPU
		{EE905D47-0A40-4881-AE02-04BF2238234F}.Debug|x86.ActiveCfg = Debug|Any CPU
		{EE905D47-0A40-4881-AE02-04BF2238234F}.Debug|x86.Build.0 = Debug|Any CPU
		{EE905D47-0A40-4881-AE02-04BF2238234F}.Release|Any CPU.ActiveCfg = Release|Any CPU
		{EE905D47-0A40-4881-AE02-04BF2238234F}.Release|Any CPU.Build.0 = Release|Any CPU
		{EE905D47-0A40-4881-AE02-04BF2238234F}.Release|arm64.ActiveCfg = Release|Any CPU
		{EE905D47-0A40-4881-AE02-04BF2238234F}.Release|arm64.Build.0 = Release|Any CPU
		{EE905D47-0A40-4881-AE02-04BF2238234F}.Release|x64.ActiveCfg = Release|Any CPU
		{EE905D47-0A40-4881-AE02-04BF2238234F}.Release|x64.Build.0 = Release|Any CPU
		{EE905D47-0A40-4881-AE02-04BF2238234F}.Release|x86.ActiveCfg = Release|Any CPU
		{EE905D47-0A40-4881-AE02-04BF2238234F}.Release|x86.Build.0 = Release|Any CPU
		{3C8D3BF5-FA53-4050-AA7A-E674EED7A8BE}.Debug|Any CPU.ActiveCfg = Debug|Any CPU
		{3C8D3BF5-FA53-4050-AA7A-E674EED7A8BE}.Debug|Any CPU.Build.0 = Debug|Any CPU
		{3C8D3BF5-FA53-4050-AA7A-E674EED7A8BE}.Debug|arm64.ActiveCfg = Debug|Any CPU
		{3C8D3BF5-FA53-4050-AA7A-E674EED7A8BE}.Debug|arm64.Build.0 = Debug|Any CPU
		{3C8D3BF5-FA53-4050-AA7A-E674EED7A8BE}.Debug|x64.ActiveCfg = Debug|Any CPU
		{3C8D3BF5-FA53-4050-AA7A-E674EED7A8BE}.Debug|x64.Build.0 = Debug|Any CPU
		{3C8D3BF5-FA53-4050-AA7A-E674EED7A8BE}.Debug|x86.ActiveCfg = Debug|Any CPU
		{3C8D3BF5-FA53-4050-AA7A-E674EED7A8BE}.Debug|x86.Build.0 = Debug|Any CPU
		{3C8D3BF5-FA53-4050-AA7A-E674EED7A8BE}.Release|Any CPU.ActiveCfg = Release|Any CPU
		{3C8D3BF5-FA53-4050-AA7A-E674EED7A8BE}.Release|Any CPU.Build.0 = Release|Any CPU
		{3C8D3BF5-FA53-4050-AA7A-E674EED7A8BE}.Release|arm64.ActiveCfg = Release|Any CPU
		{3C8D3BF5-FA53-4050-AA7A-E674EED7A8BE}.Release|arm64.Build.0 = Release|Any CPU
		{3C8D3BF5-FA53-4050-AA7A-E674EED7A8BE}.Release|x64.ActiveCfg = Release|Any CPU
		{3C8D3BF5-FA53-4050-AA7A-E674EED7A8BE}.Release|x64.Build.0 = Release|Any CPU
		{3C8D3BF5-FA53-4050-AA7A-E674EED7A8BE}.Release|x86.ActiveCfg = Release|Any CPU
		{3C8D3BF5-FA53-4050-AA7A-E674EED7A8BE}.Release|x86.Build.0 = Release|Any CPU
		{924C9DB4-03FA-478A-8585-B582DD93C0CA}.Debug|Any CPU.ActiveCfg = Debug|Any CPU
		{924C9DB4-03FA-478A-8585-B582DD93C0CA}.Debug|Any CPU.Build.0 = Debug|Any CPU
		{924C9DB4-03FA-478A-8585-B582DD93C0CA}.Debug|arm64.ActiveCfg = Debug|Any CPU
		{924C9DB4-03FA-478A-8585-B582DD93C0CA}.Debug|arm64.Build.0 = Debug|Any CPU
		{924C9DB4-03FA-478A-8585-B582DD93C0CA}.Debug|x64.ActiveCfg = Debug|Any CPU
		{924C9DB4-03FA-478A-8585-B582DD93C0CA}.Debug|x64.Build.0 = Debug|Any CPU
		{924C9DB4-03FA-478A-8585-B582DD93C0CA}.Debug|x86.ActiveCfg = Debug|Any CPU
		{924C9DB4-03FA-478A-8585-B582DD93C0CA}.Debug|x86.Build.0 = Debug|Any CPU
		{924C9DB4-03FA-478A-8585-B582DD93C0CA}.Release|Any CPU.ActiveCfg = Release|Any CPU
		{924C9DB4-03FA-478A-8585-B582DD93C0CA}.Release|Any CPU.Build.0 = Release|Any CPU
		{924C9DB4-03FA-478A-8585-B582DD93C0CA}.Release|arm64.ActiveCfg = Release|Any CPU
		{924C9DB4-03FA-478A-8585-B582DD93C0CA}.Release|arm64.Build.0 = Release|Any CPU
		{924C9DB4-03FA-478A-8585-B582DD93C0CA}.Release|x64.ActiveCfg = Release|Any CPU
		{924C9DB4-03FA-478A-8585-B582DD93C0CA}.Release|x64.Build.0 = Release|Any CPU
		{924C9DB4-03FA-478A-8585-B582DD93C0CA}.Release|x86.ActiveCfg = Release|Any CPU
		{924C9DB4-03FA-478A-8585-B582DD93C0CA}.Release|x86.Build.0 = Release|Any CPU
	EndGlobalSection
	GlobalSection(SolutionProperties) = preSolution
		HideSolutionNode = FALSE
	EndGlobalSection
	GlobalSection(ExtensibilityGlobals) = postSolution
		SolutionGuid = {845000E2-7F9A-49E4-AF06-7EF032BAB868}
	EndGlobalSection
EndGlobal
