
Microsoft Visual Studio Solution File, Format Version 12.00
# Visual Studio Version 17
VisualStudioVersion = 17.1.32319.34
MinimumVisualStudioVersion = 10.0.40219.1
Project("{9A19103F-16F7-4668-BE54-9A1E7A4F7556}") = "BeepEnterprize.winform.net6", "BeepEnterprize.winform.net6\BeepEnterprize.winform.net6.csproj", "{FDA7EC33-9AF0-4512-8734-EC0BC946006F}"
EndProject
Project("{9A19103F-16F7-4668-BE54-9A1E7A4F7556}") = "Beep.Winform.Controls.net6", "Beep.Winform.Controls.net6\Beep.Winform.Controls.net6.csproj", "{E8DCEECA-E35B-4893-8AAE-D2A715158286}"
EndProject
Project("{9A19103F-16F7-4668-BE54-9A1E7A4F7556}") = "BeepEnterprize.Winform.Vis.net6", "BeepEnterprize.Winform.Vis.net6\BeepEnterprize.Winform.Vis.net6.csproj", "{1B5CA42B-B236-4291-AF58-95A8C0496925}"
EndProject
Project("{2150E333-8FDC-42A3-9474-1A3956D46DE8}") = "EXtensions", "EXtensions", "{EE4777D6-40FC-4546-A235-D8F7E5D33006}"
EndProject
Project("{2150E333-8FDC-42A3-9474-1A3956D46DE8}") = "Modules", "Modules", "{FEB7533C-1BA2-4BA7-B5A0-FE84E3EF9C91}"
EndProject
Project("{2150E333-8FDC-42A3-9474-1A3956D46DE8}") = "Visualization", "Visualization", "{6C8D5AB1-AED3-475B-B228-6CC4AB183574}"
EndProject
Project("{2150E333-8FDC-42A3-9474-1A3956D46DE8}") = "Beep", "Beep", "{26FB4439-77FC-48C1-8D18-0982E8A28C36}"
EndProject
Project("{D954291E-2A0B-460D-934E-DC6B0785DB48}") = "DataManagmentModelsShared", "..\BeepDM\DataManagementModelsShared\DataManagmentModelsShared.shproj", "{2F745B0A-B2F4-4EB8-9A8E-5A87B2988F99}"
EndProject
Project("{D954291E-2A0B-460D-934E-DC6B0785DB48}") = "DataManagmentEngineShared", "..\BeepDM\DataManagmentEngineShared\DataManagmentEngineShared.shproj", "{B5D91583-1EB4-4B3C-8288-88FD13E35556}"
EndProject
Project("{FAE04EC0-301F-11D3-BF4B-00C04F79EFBC}") = "BeepEnterprize.Winform.Vis", "..\BeepWinFormAppNet\BeepEnterprize.Winform.Vis\BeepEnterprize.Winform.Vis.csproj", "{D185808C-5D43-454A-9468-829E122C2C2A}"
EndProject
Project("{FAE04EC0-301F-11D3-BF4B-00C04F79EFBC}") = "Beep.Winform.Controls", "..\BeepWinFormAppNet\Beep.Winform.Controls\Beep.Winform.Controls.csproj", "{86A01E2B-0B8B-41CB-B747-A571146875A2}"
EndProject
Project("{9A19103F-16F7-4668-BE54-9A1E7A4F7556}") = "BeepEnterprizeTreeNodes", "..\Plugins\BeepEnterprizeTreeNodes\BeepEnterprizeTreeNodes.csproj", "{23B729B9-0493-40EE-AD1A-471BE3169865}"
EndProject
Project("{9A19103F-16F7-4668-BE54-9A1E7A4F7556}") = "BranchAssemblyLoader", "..\Plugins\BranchAssemblyLoader\BranchAssemblyLoader.csproj", "{0801135E-6D50-4365-8DF9-63319FC1DAFB}"
EndProject
Project("{9A19103F-16F7-4668-BE54-9A1E7A4F7556}") = "CompositeLayerNodes", "..\Plugins\CompositeLayerNodes\CompositeLayerNodes.csproj", "{E65189FF-7B57-457D-91FB-3762D40ACDC8}"
EndProject
Project("{2150E333-8FDC-42A3-9474-1A3956D46DE8}") = "DataSources", "DataSources", "{DDACAEA1-1A06-48AC-80B4-24C6B2E50A0D}"
EndProject
Project("{9A19103F-16F7-4668-BE54-9A1E7A4F7556}") = "CompositeLayerDataSource6", "..\BeepDataSources\DataSourcesPluginsCore\CompositeLayerDataSource6\CompositeLayerDataSource6.csproj", "{926866FF-6905-46A4-ADC5-4D943B142955}"
EndProject
Project("{9A19103F-16F7-4668-BE54-9A1E7A4F7556}") = "DataManagementEngine", "..\BeepDM\DataManagementEngineStandard\DataManagementEngine.csproj", "{BE4E058F-CF2F-4565-8F50-CB09C5475001}"
EndProject
Project("{9A19103F-16F7-4668-BE54-9A1E7A4F7556}") = "DataManagementModels", "..\BeepDM\DataManagementModelsStandard\DataManagementModels.csproj", "{241FC595-BB95-4C4B-92D7-60D5EA8F9203}"
EndProject
Project("{9A19103F-16F7-4668-BE54-9A1E7A4F7556}") = "Beep.Python.Winform6", "..\Plugins\Beep.Python.Winform6\Beep.Python.Winform6.csproj", "{F0992A2F-A2EE-476D-AD51-A6F4DBC20908}"
EndProject
Project("{9A19103F-16F7-4668-BE54-9A1E7A4F7556}") = "Beep.Python.Logic", "..\Plugins\Beep.Python.Logic\Beep.Python.Logic.csproj", "{41C46B3F-2DF5-43C4-B793-AFA844FEA108}"
EndProject
Project("{FAE04EC0-301F-11D3-BF4B-00C04F79EFBC}") = "Beep.Python.Winform", "..\Plugins\Beep.Python.Winform\Beep.Python.Winform.csproj", "{396C644A-EF7F-4FC4-A7D0-C7F0B1DFD34B}"
EndProject
Project("{9A19103F-16F7-4668-BE54-9A1E7A4F7556}") = "Beep.App.Controls.Winform6", "..\Plugins\Beep.AppBuilders\Beep.App.Controls.Winform6\Beep.App.Controls.Winform6.csproj", "{9045C345-AE8C-4641-B4A6-036DE0EC12A2}"
EndProject
Project("{FAE04EC0-301F-11D3-BF4B-00C04F79EFBC}") = "Beep.App.Controls.Winform", "..\Plugins\Beep.AppBuilders\Beep.App.Controls.Winform\Beep.App.Controls.Winform.csproj", "{A2A31854-3FB5-4979-A39E-13EA954B253E}"
EndProject
Project("{FAE04EC0-301F-11D3-BF4B-00C04F79EFBC}") = "Beep.App.Winform.Builder", "..\Plugins\Beep.AppBuilders\Beep.App.Winform.Builder\Beep.App.Winform.Builder.csproj", "{6A9D6090-244A-48D1-B509-64AFEE7B569D}"
EndProject
Project("{9A19103F-16F7-4668-BE54-9A1E7A4F7556}") = "Beep.App.Winform.Builder6", "..\Plugins\Beep.AppBuilders\Beep.App.Winform.Builder6\Beep.App.Winform.Builder6.csproj", "{D1B58187-343D-4862-9DA6-9A9EFB291A03}"
EndProject
Project("{9A19103F-16F7-4668-BE54-9A1E7A4F7556}") = "Beep.App.Module", "..\Plugins\Beep.AppBuilders\Beep.App.Module\Beep.App.Module.csproj", "{5FE5A64D-C939-4B9E-8DB5-43A409EE4677}"
EndProject
Global
	GlobalSection(SolutionConfigurationPlatforms) = preSolution
		Debug|Any CPU = Debug|Any CPU
		Release|Any CPU = Release|Any CPU
	EndGlobalSection
	GlobalSection(ProjectConfigurationPlatforms) = postSolution
		{FDA7EC33-9AF0-4512-8734-EC0BC946006F}.Debug|Any CPU.ActiveCfg = Debug|Any CPU
		{FDA7EC33-9AF0-4512-8734-EC0BC946006F}.Debug|Any CPU.Build.0 = Debug|Any CPU
		{FDA7EC33-9AF0-4512-8734-EC0BC946006F}.Release|Any CPU.ActiveCfg = Release|Any CPU
		{FDA7EC33-9AF0-4512-8734-EC0BC946006F}.Release|Any CPU.Build.0 = Release|Any CPU
		{E8DCEECA-E35B-4893-8AAE-D2A715158286}.Debug|Any CPU.ActiveCfg = Debug|Any CPU
		{E8DCEECA-E35B-4893-8AAE-D2A715158286}.Debug|Any CPU.Build.0 = Debug|Any CPU
		{E8DCEECA-E35B-4893-8AAE-D2A715158286}.Release|Any CPU.ActiveCfg = Release|Any CPU
		{E8DCEECA-E35B-4893-8AAE-D2A715158286}.Release|Any CPU.Build.0 = Release|Any CPU
		{1B5CA42B-B236-4291-AF58-95A8C0496925}.Debug|Any CPU.ActiveCfg = Debug|Any CPU
		{1B5CA42B-B236-4291-AF58-95A8C0496925}.Debug|Any CPU.Build.0 = Debug|Any CPU
		{1B5CA42B-B236-4291-AF58-95A8C0496925}.Release|Any CPU.ActiveCfg = Release|Any CPU
		{1B5CA42B-B236-4291-AF58-95A8C0496925}.Release|Any CPU.Build.0 = Release|Any CPU
		{D185808C-5D43-454A-9468-829E122C2C2A}.Debug|Any CPU.ActiveCfg = Debug|Any CPU
		{D185808C-5D43-454A-9468-829E122C2C2A}.Debug|Any CPU.Build.0 = Debug|Any CPU
		{D185808C-5D43-454A-9468-829E122C2C2A}.Release|Any CPU.ActiveCfg = Release|Any CPU
		{D185808C-5D43-454A-9468-829E122C2C2A}.Release|Any CPU.Build.0 = Release|Any CPU
		{86A01E2B-0B8B-41CB-B747-A571146875A2}.Debug|Any CPU.ActiveCfg = Debug|Any CPU
		{86A01E2B-0B8B-41CB-B747-A571146875A2}.Debug|Any CPU.Build.0 = Debug|Any CPU
		{86A01E2B-0B8B-41CB-B747-A571146875A2}.Release|Any CPU.ActiveCfg = Release|Any CPU
		{86A01E2B-0B8B-41CB-B747-A571146875A2}.Release|Any CPU.Build.0 = Release|Any CPU
		{23B729B9-0493-40EE-AD1A-471BE3169865}.Debug|Any CPU.ActiveCfg = Debug|Any CPU
		{23B729B9-0493-40EE-AD1A-471BE3169865}.Debug|Any CPU.Build.0 = Debug|Any CPU
		{23B729B9-0493-40EE-AD1A-471BE3169865}.Release|Any CPU.ActiveCfg = Release|Any CPU
		{23B729B9-0493-40EE-AD1A-471BE3169865}.Release|Any CPU.Build.0 = Release|Any CPU
		{0801135E-6D50-4365-8DF9-63319FC1DAFB}.Debug|Any CPU.ActiveCfg = Debug|Any CPU
		{0801135E-6D50-4365-8DF9-63319FC1DAFB}.Debug|Any CPU.Build.0 = Debug|Any CPU
		{0801135E-6D50-4365-8DF9-63319FC1DAFB}.Release|Any CPU.ActiveCfg = Release|Any CPU
		{0801135E-6D50-4365-8DF9-63319FC1DAFB}.Release|Any CPU.Build.0 = Release|Any CPU
		{E65189FF-7B57-457D-91FB-3762D40ACDC8}.Debug|Any CPU.ActiveCfg = Debug|Any CPU
		{E65189FF-7B57-457D-91FB-3762D40ACDC8}.Debug|Any CPU.Build.0 = Debug|Any CPU
		{E65189FF-7B57-457D-91FB-3762D40ACDC8}.Release|Any CPU.ActiveCfg = Release|Any CPU
		{E65189FF-7B57-457D-91FB-3762D40ACDC8}.Release|Any CPU.Build.0 = Release|Any CPU
		{926866FF-6905-46A4-ADC5-4D943B142955}.Debug|Any CPU.ActiveCfg = Debug|Any CPU
		{926866FF-6905-46A4-ADC5-4D943B142955}.Debug|Any CPU.Build.0 = Debug|Any CPU
		{926866FF-6905-46A4-ADC5-4D943B142955}.Release|Any CPU.ActiveCfg = Release|Any CPU
		{926866FF-6905-46A4-ADC5-4D943B142955}.Release|Any CPU.Build.0 = Release|Any CPU
		{BE4E058F-CF2F-4565-8F50-CB09C5475001}.Debug|Any CPU.ActiveCfg = Debug|Any CPU
		{BE4E058F-CF2F-4565-8F50-CB09C5475001}.Debug|Any CPU.Build.0 = Debug|Any CPU
		{BE4E058F-CF2F-4565-8F50-CB09C5475001}.Release|Any CPU.ActiveCfg = Release|Any CPU
		{BE4E058F-CF2F-4565-8F50-CB09C5475001}.Release|Any CPU.Build.0 = Release|Any CPU
		{241FC595-BB95-4C4B-92D7-60D5EA8F9203}.Debug|Any CPU.ActiveCfg = Debug|Any CPU
		{241FC595-BB95-4C4B-92D7-60D5EA8F9203}.Debug|Any CPU.Build.0 = Debug|Any CPU
		{241FC595-BB95-4C4B-92D7-60D5EA8F9203}.Release|Any CPU.ActiveCfg = Release|Any CPU
		{241FC595-BB95-4C4B-92D7-60D5EA8F9203}.Release|Any CPU.Build.0 = Release|Any CPU
		{F0992A2F-A2EE-476D-AD51-A6F4DBC20908}.Debug|Any CPU.ActiveCfg = Debug|Any CPU
		{F0992A2F-A2EE-476D-AD51-A6F4DBC20908}.Debug|Any CPU.Build.0 = Debug|Any CPU
		{F0992A2F-A2EE-476D-AD51-A6F4DBC20908}.Release|Any CPU.ActiveCfg = Release|Any CPU
		{F0992A2F-A2EE-476D-AD51-A6F4DBC20908}.Release|Any CPU.Build.0 = Release|Any CPU
		{41C46B3F-2DF5-43C4-B793-AFA844FEA108}.Debug|Any CPU.ActiveCfg = Debug|Any CPU
		{41C46B3F-2DF5-43C4-B793-AFA844FEA108}.Debug|Any CPU.Build.0 = Debug|Any CPU
		{41C46B3F-2DF5-43C4-B793-AFA844FEA108}.Release|Any CPU.ActiveCfg = Release|Any CPU
		{41C46B3F-2DF5-43C4-B793-AFA844FEA108}.Release|Any CPU.Build.0 = Release|Any CPU
		{396C644A-EF7F-4FC4-A7D0-C7F0B1DFD34B}.Debug|Any CPU.ActiveCfg = Debug|Any CPU
		{396C644A-EF7F-4FC4-A7D0-C7F0B1DFD34B}.Debug|Any CPU.Build.0 = Debug|Any CPU
		{396C644A-EF7F-4FC4-A7D0-C7F0B1DFD34B}.Release|Any CPU.ActiveCfg = Release|Any CPU
		{396C644A-EF7F-4FC4-A7D0-C7F0B1DFD34B}.Release|Any CPU.Build.0 = Release|Any CPU
		{9045C345-AE8C-4641-B4A6-036DE0EC12A2}.Debug|Any CPU.ActiveCfg = Debug|Any CPU
		{9045C345-AE8C-4641-B4A6-036DE0EC12A2}.Debug|Any CPU.Build.0 = Debug|Any CPU
		{9045C345-AE8C-4641-B4A6-036DE0EC12A2}.Release|Any CPU.ActiveCfg = Release|Any CPU
		{9045C345-AE8C-4641-B4A6-036DE0EC12A2}.Release|Any CPU.Build.0 = Release|Any CPU
		{A2A31854-3FB5-4979-A39E-13EA954B253E}.Debug|Any CPU.ActiveCfg = Debug|Any CPU
		{A2A31854-3FB5-4979-A39E-13EA954B253E}.Debug|Any CPU.Build.0 = Debug|Any CPU
		{A2A31854-3FB5-4979-A39E-13EA954B253E}.Release|Any CPU.ActiveCfg = Release|Any CPU
		{A2A31854-3FB5-4979-A39E-13EA954B253E}.Release|Any CPU.Build.0 = Release|Any CPU
		{6A9D6090-244A-48D1-B509-64AFEE7B569D}.Debug|Any CPU.ActiveCfg = Debug|Any CPU
		{6A9D6090-244A-48D1-B509-64AFEE7B569D}.Debug|Any CPU.Build.0 = Debug|Any CPU
		{6A9D6090-244A-48D1-B509-64AFEE7B569D}.Release|Any CPU.ActiveCfg = Release|Any CPU
		{6A9D6090-244A-48D1-B509-64AFEE7B569D}.Release|Any CPU.Build.0 = Release|Any CPU
		{D1B58187-343D-4862-9DA6-9A9EFB291A03}.Debug|Any CPU.ActiveCfg = Debug|Any CPU
		{D1B58187-343D-4862-9DA6-9A9EFB291A03}.Debug|Any CPU.Build.0 = Debug|Any CPU
		{D1B58187-343D-4862-9DA6-9A9EFB291A03}.Release|Any CPU.ActiveCfg = Release|Any CPU
		{D1B58187-343D-4862-9DA6-9A9EFB291A03}.Release|Any CPU.Build.0 = Release|Any CPU
		{5FE5A64D-C939-4B9E-8DB5-43A409EE4677}.Debug|Any CPU.ActiveCfg = Debug|Any CPU
		{5FE5A64D-C939-4B9E-8DB5-43A409EE4677}.Debug|Any CPU.Build.0 = Debug|Any CPU
		{5FE5A64D-C939-4B9E-8DB5-43A409EE4677}.Release|Any CPU.ActiveCfg = Release|Any CPU
		{5FE5A64D-C939-4B9E-8DB5-43A409EE4677}.Release|Any CPU.Build.0 = Release|Any CPU
	EndGlobalSection
	GlobalSection(SolutionProperties) = preSolution
		HideSolutionNode = FALSE
	EndGlobalSection
	GlobalSection(NestedProjects) = preSolution
		{E8DCEECA-E35B-4893-8AAE-D2A715158286} = {6C8D5AB1-AED3-475B-B228-6CC4AB183574}
		{1B5CA42B-B236-4291-AF58-95A8C0496925} = {6C8D5AB1-AED3-475B-B228-6CC4AB183574}
		{2F745B0A-B2F4-4EB8-9A8E-5A87B2988F99} = {26FB4439-77FC-48C1-8D18-0982E8A28C36}
		{B5D91583-1EB4-4B3C-8288-88FD13E35556} = {26FB4439-77FC-48C1-8D18-0982E8A28C36}
		{D185808C-5D43-454A-9468-829E122C2C2A} = {6C8D5AB1-AED3-475B-B228-6CC4AB183574}
		{86A01E2B-0B8B-41CB-B747-A571146875A2} = {6C8D5AB1-AED3-475B-B228-6CC4AB183574}
		{23B729B9-0493-40EE-AD1A-471BE3169865} = {6C8D5AB1-AED3-475B-B228-6CC4AB183574}
		{0801135E-6D50-4365-8DF9-63319FC1DAFB} = {6C8D5AB1-AED3-475B-B228-6CC4AB183574}
		{E65189FF-7B57-457D-91FB-3762D40ACDC8} = {6C8D5AB1-AED3-475B-B228-6CC4AB183574}
		{926866FF-6905-46A4-ADC5-4D943B142955} = {DDACAEA1-1A06-48AC-80B4-24C6B2E50A0D}
		{BE4E058F-CF2F-4565-8F50-CB09C5475001} = {26FB4439-77FC-48C1-8D18-0982E8A28C36}
		{241FC595-BB95-4C4B-92D7-60D5EA8F9203} = {26FB4439-77FC-48C1-8D18-0982E8A28C36}
		{F0992A2F-A2EE-476D-AD51-A6F4DBC20908} = {EE4777D6-40FC-4546-A235-D8F7E5D33006}
		{41C46B3F-2DF5-43C4-B793-AFA844FEA108} = {EE4777D6-40FC-4546-A235-D8F7E5D33006}
		{396C644A-EF7F-4FC4-A7D0-C7F0B1DFD34B} = {EE4777D6-40FC-4546-A235-D8F7E5D33006}
		{9045C345-AE8C-4641-B4A6-036DE0EC12A2} = {EE4777D6-40FC-4546-A235-D8F7E5D33006}
		{A2A31854-3FB5-4979-A39E-13EA954B253E} = {EE4777D6-40FC-4546-A235-D8F7E5D33006}
		{6A9D6090-244A-48D1-B509-64AFEE7B569D} = {EE4777D6-40FC-4546-A235-D8F7E5D33006}
		{D1B58187-343D-4862-9DA6-9A9EFB291A03} = {EE4777D6-40FC-4546-A235-D8F7E5D33006}
		{5FE5A64D-C939-4B9E-8DB5-43A409EE4677} = {EE4777D6-40FC-4546-A235-D8F7E5D33006}
	EndGlobalSection
	GlobalSection(ExtensibilityGlobals) = postSolution
		SolutionGuid = {845000E2-7F9A-49E4-AF06-7EF032BAB868}
	EndGlobalSection
	GlobalSection(SharedMSBuildProjectFiles) = preSolution
		..\BeepDM\DataManagementModelsShared\DataManagementModelsShared.projitems*{241fc595-bb95-4c4b-92d7-60d5ea8f9203}*SharedItemsImports = 5
		..\BeepDM\DataManagementModelsShared\DataManagementModelsShared.projitems*{2f745b0a-b2f4-4eb8-9a8e-5a87b2988f99}*SharedItemsImports = 13
		..\BeepDM\DataManagmentEngineShared\DataManagmentEngineShared.projitems*{b5d91583-1eb4-4b3c-8288-88fd13e35556}*SharedItemsImports = 13
		..\BeepDM\DataManagmentEngineShared\DataManagmentEngineShared.projitems*{be4e058f-cf2f-4565-8f50-cb09c5475001}*SharedItemsImports = 5
	EndGlobalSection
EndGlobal
