
Microsoft Visual Studio Solution File, Format Version 12.00
# Visual Studio Version 17
VisualStudioVersion = 17.1.32319.34
MinimumVisualStudioVersion = 10.0.40219.1
Project("{9A19103F-16F7-4668-BE54-9A1E7A4F7556}") = "WinFormsApp.UI.Test", "WinFormsApp.UI.Test\WinFormsApp.UI.Test.csproj", "{3F782409-5BB0-478E-B8F5-E2011BFE8D86}"
EndProject
Project("{9A19103F-16F7-4668-BE54-9A1E7A4F7556}") = "TheTechIdea.Beep.Container", "..\Beep.Containers\Beep.Container\TheTechIdea.Beep.Container.csproj", "{AEB377D6-08B7-411C-9AE3-E5523F64BF2C}"
EndProject
Project("{9A19103F-16F7-4668-BE54-9A1E7A4F7556}") = "TheTechIdea.Beep.Container.Model", "..\Beep.Containers\Beep.Containers.Models\TheTechIdea.Beep.Container.Model.csproj", "{53AC67EA-9AE1-4B15-B882-2ECFB35EC250}"
EndProject
Project("{9A19103F-16F7-4668-BE54-9A1E7A4F7556}") = "TheTechIdea.Beep.MVVM", "..\Beep.ViewModels\TheTechIdea.Beep.MVVM\TheTechIdea.Beep.MVVM.csproj", "{0D408BF0-80BF-4205-9A1A-B0DDEF425AA2}"
EndProject
Project("{FAE04EC0-301F-11D3-BF4B-00C04F79EFBC}") = "TheTechIdea.Beep.Vis.Modules", "..\Beep.Winform\TheTechIdea.Beep.Vis.Modules2.0\TheTechIdea.Beep.Vis.Modules.csproj", "{5A2EA091-CF86-4EDA-A36A-BF66B58A3489}"
EndProject
Project("{FAE04EC0-301F-11D3-BF4B-00C04F79EFBC}") = "TheTechIdea.Beep.Vis.Logic", "..\Beep.Winform\TheTechIdea.Beep.Vis.Logic\TheTechIdea.Beep.Vis.Logic.csproj", "{AA6E2891-DBC1-49C0-AA87-D84E1E8F9EBF}"
EndProject
Project("{FAE04EC0-301F-11D3-BF4B-00C04F79EFBC}") = "TheTechIdea.Beep.Winform.Controls", "..\Beep.Winform\TheTechIdea.Beep.Winform.Controls\TheTechIdea.Beep.Winform.Controls.csproj", "{1992C39A-6EC1-49A1-9614-BFE4968F6E04}"
EndProject
Project("{FAE04EC0-301F-11D3-BF4B-00C04F79EFBC}") = "TheTechIdea.Beep.Winform.VSIX.Extensions", "..\Beep.Winform\TheTechIdea.Beep.Winform.VSIX.Extensions\TheTechIdea.Beep.Winform.VSIX.Extensions.csproj", "{88FB0940-CC80-4800-9448-3378C116508A}"
EndProject
Project("{FAE04EC0-301F-11D3-BF4B-00C04F79EFBC}") = "TheTechIdea.Beep.Winform.Extensions", "..\Beep.Winform\TheTechIdea.Beep.Winform.Extensions\TheTechIdea.Beep.Winform.Extensions.csproj", "{1071826E-5541-42D7-B3B7-90ED66DBAA0F}"
EndProject
Project("{FAE04EC0-301F-11D3-BF4B-00C04F79EFBC}") = "TheTechIdea.Beep.Winform.Controls.Design", "..\Beep.Winform\TheTechIdea.Beep.Winform.Controls.Design\TheTechIdea.Beep.Winform.Controls.Design.csproj", "{91137A85-8086-416D-BD08-41C4E35F6F35}"
EndProject
Global
	GlobalSection(SolutionConfigurationPlatforms) = preSolution
		Debug|Any CPU = Debug|Any CPU
		Debug|arm64 = Debug|arm64
		Debug|x64 = Debug|x64
		Debug|x86 = Debug|x86
		Release|Any CPU = Release|Any CPU
		Release|arm64 = Release|arm64
		Release|x64 = Release|x64
		Release|x86 = Release|x86
	EndGlobalSection
	GlobalSection(ProjectConfigurationPlatforms) = postSolution
		{3F782409-5BB0-478E-B8F5-E2011BFE8D86}.Debug|Any CPU.ActiveCfg = Debug|Any CPU
		{3F782409-5BB0-478E-B8F5-E2011BFE8D86}.Debug|Any CPU.Build.0 = Debug|Any CPU
		{3F782409-5BB0-478E-B8F5-E2011BFE8D86}.Debug|arm64.ActiveCfg = Debug|Any CPU
		{3F782409-5BB0-478E-B8F5-E2011BFE8D86}.Debug|arm64.Build.0 = Debug|Any CPU
		{3F782409-5BB0-478E-B8F5-E2011BFE8D86}.Debug|x64.ActiveCfg = Debug|Any CPU
		{3F782409-5BB0-478E-B8F5-E2011BFE8D86}.Debug|x64.Build.0 = Debug|Any CPU
		{3F782409-5BB0-478E-B8F5-E2011BFE8D86}.Debug|x86.ActiveCfg = Debug|Any CPU
		{3F782409-5BB0-478E-B8F5-E2011BFE8D86}.Debug|x86.Build.0 = Debug|Any CPU
		{3F782409-5BB0-478E-B8F5-E2011BFE8D86}.Release|Any CPU.ActiveCfg = Release|Any CPU
		{3F782409-5BB0-478E-B8F5-E2011BFE8D86}.Release|Any CPU.Build.0 = Release|Any CPU
		{3F782409-5BB0-478E-B8F5-E2011BFE8D86}.Release|arm64.ActiveCfg = Release|Any CPU
		{3F782409-5BB0-478E-B8F5-E2011BFE8D86}.Release|arm64.Build.0 = Release|Any CPU
		{3F782409-5BB0-478E-B8F5-E2011BFE8D86}.Release|x64.ActiveCfg = Release|Any CPU
		{3F782409-5BB0-478E-B8F5-E2011BFE8D86}.Release|x64.Build.0 = Release|Any CPU
		{3F782409-5BB0-478E-B8F5-E2011BFE8D86}.Release|x86.ActiveCfg = Release|Any CPU
		{3F782409-5BB0-478E-B8F5-E2011BFE8D86}.Release|x86.Build.0 = Release|Any CPU
		{AEB377D6-08B7-411C-9AE3-E5523F64BF2C}.Debug|Any CPU.ActiveCfg = Debug|Any CPU
		{AEB377D6-08B7-411C-9AE3-E5523F64BF2C}.Debug|Any CPU.Build.0 = Debug|Any CPU
		{AEB377D6-08B7-411C-9AE3-E5523F64BF2C}.Debug|arm64.ActiveCfg = Debug|Any CPU
		{AEB377D6-08B7-411C-9AE3-E5523F64BF2C}.Debug|arm64.Build.0 = Debug|Any CPU
		{AEB377D6-08B7-411C-9AE3-E5523F64BF2C}.Debug|x64.ActiveCfg = Debug|Any CPU
		{AEB377D6-08B7-411C-9AE3-E5523F64BF2C}.Debug|x64.Build.0 = Debug|Any CPU
		{AEB377D6-08B7-411C-9AE3-E5523F64BF2C}.Debug|x86.ActiveCfg = Debug|Any CPU
		{AEB377D6-08B7-411C-9AE3-E5523F64BF2C}.Debug|x86.Build.0 = Debug|Any CPU
		{AEB377D6-08B7-411C-9AE3-E5523F64BF2C}.Release|Any CPU.ActiveCfg = Release|Any CPU
		{AEB377D6-08B7-411C-9AE3-E5523F64BF2C}.Release|Any CPU.Build.0 = Release|Any CPU
		{AEB377D6-08B7-411C-9AE3-E5523F64BF2C}.Release|arm64.ActiveCfg = Release|Any CPU
		{AEB377D6-08B7-411C-9AE3-E5523F64BF2C}.Release|arm64.Build.0 = Release|Any CPU
		{AEB377D6-08B7-411C-9AE3-E5523F64BF2C}.Release|x64.ActiveCfg = Release|Any CPU
		{AEB377D6-08B7-411C-9AE3-E5523F64BF2C}.Release|x64.Build.0 = Release|Any CPU
		{AEB377D6-08B7-411C-9AE3-E5523F64BF2C}.Release|x86.ActiveCfg = Release|Any CPU
		{AEB377D6-08B7-411C-9AE3-E5523F64BF2C}.Release|x86.Build.0 = Release|Any CPU
		{53AC67EA-9AE1-4B15-B882-2ECFB35EC250}.Debug|Any CPU.ActiveCfg = Debug|Any CPU
		{53AC67EA-9AE1-4B15-B882-2ECFB35EC250}.Debug|Any CPU.Build.0 = Debug|Any CPU
		{53AC67EA-9AE1-4B15-B882-2ECFB35EC250}.Debug|arm64.ActiveCfg = Debug|Any CPU
		{53AC67EA-9AE1-4B15-B882-2ECFB35EC250}.Debug|arm64.Build.0 = Debug|Any CPU
		{53AC67EA-9AE1-4B15-B882-2ECFB35EC250}.Debug|x64.ActiveCfg = Debug|Any CPU
		{53AC67EA-9AE1-4B15-B882-2ECFB35EC250}.Debug|x64.Build.0 = Debug|Any CPU
		{53AC67EA-9AE1-4B15-B882-2ECFB35EC250}.Debug|x86.ActiveCfg = Debug|Any CPU
		{53AC67EA-9AE1-4B15-B882-2ECFB35EC250}.Debug|x86.Build.0 = Debug|Any CPU
		{53AC67EA-9AE1-4B15-B882-2ECFB35EC250}.Release|Any CPU.ActiveCfg = Release|Any CPU
		{53AC67EA-9AE1-4B15-B882-2ECFB35EC250}.Release|Any CPU.Build.0 = Release|Any CPU
		{53AC67EA-9AE1-4B15-B882-2ECFB35EC250}.Release|arm64.ActiveCfg = Release|Any CPU
		{53AC67EA-9AE1-4B15-B882-2ECFB35EC250}.Release|arm64.Build.0 = Release|Any CPU
		{53AC67EA-9AE1-4B15-B882-2ECFB35EC250}.Release|x64.ActiveCfg = Release|Any CPU
		{53AC67EA-9AE1-4B15-B882-2ECFB35EC250}.Release|x64.Build.0 = Release|Any CPU
		{53AC67EA-9AE1-4B15-B882-2ECFB35EC250}.Release|x86.ActiveCfg = Release|Any CPU
		{53AC67EA-9AE1-4B15-B882-2ECFB35EC250}.Release|x86.Build.0 = Release|Any CPU
		{0D408BF0-80BF-4205-9A1A-B0DDEF425AA2}.Debug|Any CPU.ActiveCfg = Debug|Any CPU
		{0D408BF0-80BF-4205-9A1A-B0DDEF425AA2}.Debug|Any CPU.Build.0 = Debug|Any CPU
		{0D408BF0-80BF-4205-9A1A-B0DDEF425AA2}.Debug|arm64.ActiveCfg = Debug|Any CPU
		{0D408BF0-80BF-4205-9A1A-B0DDEF425AA2}.Debug|arm64.Build.0 = Debug|Any CPU
		{0D408BF0-80BF-4205-9A1A-B0DDEF425AA2}.Debug|x64.ActiveCfg = Debug|Any CPU
		{0D408BF0-80BF-4205-9A1A-B0DDEF425AA2}.Debug|x64.Build.0 = Debug|Any CPU
		{0D408BF0-80BF-4205-9A1A-B0DDEF425AA2}.Debug|x86.ActiveCfg = Debug|Any CPU
		{0D408BF0-80BF-4205-9A1A-B0DDEF425AA2}.Debug|x86.Build.0 = Debug|Any CPU
		{0D408BF0-80BF-4205-9A1A-B0DDEF425AA2}.Release|Any CPU.ActiveCfg = Release|Any CPU
		{0D408BF0-80BF-4205-9A1A-B0DDEF425AA2}.Release|Any CPU.Build.0 = Release|Any CPU
		{0D408BF0-80BF-4205-9A1A-B0DDEF425AA2}.Release|arm64.ActiveCfg = Release|Any CPU
		{0D408BF0-80BF-4205-9A1A-B0DDEF425AA2}.Release|arm64.Build.0 = Release|Any CPU
		{0D408BF0-80BF-4205-9A1A-B0DDEF425AA2}.Release|x64.ActiveCfg = Release|Any CPU
		{0D408BF0-80BF-4205-9A1A-B0DDEF425AA2}.Release|x64.Build.0 = Release|Any CPU
		{0D408BF0-80BF-4205-9A1A-B0DDEF425AA2}.Release|x86.ActiveCfg = Release|Any CPU
		{0D408BF0-80BF-4205-9A1A-B0DDEF425AA2}.Release|x86.Build.0 = Release|Any CPU
		{5A2EA091-CF86-4EDA-A36A-BF66B58A3489}.Debug|Any CPU.ActiveCfg = Debug|Any CPU
		{5A2EA091-CF86-4EDA-A36A-BF66B58A3489}.Debug|Any CPU.Build.0 = Debug|Any CPU
		{5A2EA091-CF86-4EDA-A36A-BF66B58A3489}.Debug|arm64.ActiveCfg = Debug|Any CPU
		{5A2EA091-CF86-4EDA-A36A-BF66B58A3489}.Debug|arm64.Build.0 = Debug|Any CPU
		{5A2EA091-CF86-4EDA-A36A-BF66B58A3489}.Debug|x64.ActiveCfg = Debug|Any CPU
		{5A2EA091-CF86-4EDA-A36A-BF66B58A3489}.Debug|x64.Build.0 = Debug|Any CPU
		{5A2EA091-CF86-4EDA-A36A-BF66B58A3489}.Debug|x86.ActiveCfg = Debug|Any CPU
		{5A2EA091-CF86-4EDA-A36A-BF66B58A3489}.Debug|x86.Build.0 = Debug|Any CPU
		{5A2EA091-CF86-4EDA-A36A-BF66B58A3489}.Release|Any CPU.ActiveCfg = Release|Any CPU
		{5A2EA091-CF86-4EDA-A36A-BF66B58A3489}.Release|Any CPU.Build.0 = Release|Any CPU
		{5A2EA091-CF86-4EDA-A36A-BF66B58A3489}.Release|arm64.ActiveCfg = Release|Any CPU
		{5A2EA091-CF86-4EDA-A36A-BF66B58A3489}.Release|arm64.Build.0 = Release|Any CPU
		{5A2EA091-CF86-4EDA-A36A-BF66B58A3489}.Release|x64.ActiveCfg = Release|Any CPU
		{5A2EA091-CF86-4EDA-A36A-BF66B58A3489}.Release|x64.Build.0 = Release|Any CPU
		{5A2EA091-CF86-4EDA-A36A-BF66B58A3489}.Release|x86.ActiveCfg = Release|Any CPU
		{5A2EA091-CF86-4EDA-A36A-BF66B58A3489}.Release|x86.Build.0 = Release|Any CPU
		{AA6E2891-DBC1-49C0-AA87-D84E1E8F9EBF}.Debug|Any CPU.ActiveCfg = Debug|Any CPU
		{AA6E2891-DBC1-49C0-AA87-D84E1E8F9EBF}.Debug|Any CPU.Build.0 = Debug|Any CPU
		{AA6E2891-DBC1-49C0-AA87-D84E1E8F9EBF}.Debug|arm64.ActiveCfg = Debug|Any CPU
		{AA6E2891-DBC1-49C0-AA87-D84E1E8F9EBF}.Debug|arm64.Build.0 = Debug|Any CPU
		{AA6E2891-DBC1-49C0-AA87-D84E1E8F9EBF}.Debug|x64.ActiveCfg = Debug|Any CPU
		{AA6E2891-DBC1-49C0-AA87-D84E1E8F9EBF}.Debug|x64.Build.0 = Debug|Any CPU
		{AA6E2891-DBC1-49C0-AA87-D84E1E8F9EBF}.Debug|x86.ActiveCfg = Debug|Any CPU
		{AA6E2891-DBC1-49C0-AA87-D84E1E8F9EBF}.Debug|x86.Build.0 = Debug|Any CPU
		{AA6E2891-DBC1-49C0-AA87-D84E1E8F9EBF}.Release|Any CPU.ActiveCfg = Release|Any CPU
		{AA6E2891-DBC1-49C0-AA87-D84E1E8F9EBF}.Release|Any CPU.Build.0 = Release|Any CPU
		{AA6E2891-DBC1-49C0-AA87-D84E1E8F9EBF}.Release|arm64.ActiveCfg = Release|Any CPU
		{AA6E2891-DBC1-49C0-AA87-D84E1E8F9EBF}.Release|arm64.Build.0 = Release|Any CPU
		{AA6E2891-DBC1-49C0-AA87-D84E1E8F9EBF}.Release|x64.ActiveCfg = Release|Any CPU
		{AA6E2891-DBC1-49C0-AA87-D84E1E8F9EBF}.Release|x64.Build.0 = Release|Any CPU
		{AA6E2891-DBC1-49C0-AA87-D84E1E8F9EBF}.Release|x86.ActiveCfg = Release|Any CPU
		{AA6E2891-DBC1-49C0-AA87-D84E1E8F9EBF}.Release|x86.Build.0 = Release|Any CPU
		{1992C39A-6EC1-49A1-9614-BFE4968F6E04}.Debug|Any CPU.ActiveCfg = Debug|Any CPU
		{1992C39A-6EC1-49A1-9614-BFE4968F6E04}.Debug|Any CPU.Build.0 = Debug|Any CPU
		{1992C39A-6EC1-49A1-9614-BFE4968F6E04}.Debug|arm64.ActiveCfg = Debug|Any CPU
		{1992C39A-6EC1-49A1-9614-BFE4968F6E04}.Debug|arm64.Build.0 = Debug|Any CPU
		{1992C39A-6EC1-49A1-9614-BFE4968F6E04}.Debug|x64.ActiveCfg = Debug|Any CPU
		{1992C39A-6EC1-49A1-9614-BFE4968F6E04}.Debug|x64.Build.0 = Debug|Any CPU
		{1992C39A-6EC1-49A1-9614-BFE4968F6E04}.Debug|x86.ActiveCfg = Debug|Any CPU
		{1992C39A-6EC1-49A1-9614-BFE4968F6E04}.Debug|x86.Build.0 = Debug|Any CPU
		{1992C39A-6EC1-49A1-9614-BFE4968F6E04}.Release|Any CPU.ActiveCfg = Release|Any CPU
		{1992C39A-6EC1-49A1-9614-BFE4968F6E04}.Release|Any CPU.Build.0 = Release|Any CPU
		{1992C39A-6EC1-49A1-9614-BFE4968F6E04}.Release|arm64.ActiveCfg = Release|Any CPU
		{1992C39A-6EC1-49A1-9614-BFE4968F6E04}.Release|arm64.Build.0 = Release|Any CPU
		{1992C39A-6EC1-49A1-9614-BFE4968F6E04}.Release|x64.ActiveCfg = Release|Any CPU
		{1992C39A-6EC1-49A1-9614-BFE4968F6E04}.Release|x64.Build.0 = Release|Any CPU
		{1992C39A-6EC1-49A1-9614-BFE4968F6E04}.Release|x86.ActiveCfg = Release|Any CPU
		{1992C39A-6EC1-49A1-9614-BFE4968F6E04}.Release|x86.Build.0 = Release|Any CPU
		{88FB0940-CC80-4800-9448-3378C116508A}.Debug|Any CPU.ActiveCfg = Debug|Any CPU
		{88FB0940-CC80-4800-9448-3378C116508A}.Debug|Any CPU.Build.0 = Debug|Any CPU
		{88FB0940-CC80-4800-9448-3378C116508A}.Debug|arm64.ActiveCfg = Debug|arm64
		{88FB0940-CC80-4800-9448-3378C116508A}.Debug|arm64.Build.0 = Debug|arm64
		{88FB0940-CC80-4800-9448-3378C116508A}.Debug|x64.ActiveCfg = Debug|Any CPU
		{88FB0940-CC80-4800-9448-3378C116508A}.Debug|x64.Build.0 = Debug|Any CPU
		{88FB0940-CC80-4800-9448-3378C116508A}.Debug|x86.ActiveCfg = Debug|x86
		{88FB0940-CC80-4800-9448-3378C116508A}.Debug|x86.Build.0 = Debug|x86
		{88FB0940-CC80-4800-9448-3378C116508A}.Release|Any CPU.ActiveCfg = Release|Any CPU
		{88FB0940-CC80-4800-9448-3378C116508A}.Release|Any CPU.Build.0 = Release|Any CPU
		{88FB0940-CC80-4800-9448-3378C116508A}.Release|arm64.ActiveCfg = Release|arm64
		{88FB0940-CC80-4800-9448-3378C116508A}.Release|arm64.Build.0 = Release|arm64
		{88FB0940-CC80-4800-9448-3378C116508A}.Release|x64.ActiveCfg = Release|Any CPU
		{88FB0940-CC80-4800-9448-3378C116508A}.Release|x64.Build.0 = Release|Any CPU
		{88FB0940-CC80-4800-9448-3378C116508A}.Release|x86.ActiveCfg = Release|x86
		{88FB0940-CC80-4800-9448-3378C116508A}.Release|x86.Build.0 = Release|x86
		{1071826E-5541-42D7-B3B7-90ED66DBAA0F}.Debug|Any CPU.ActiveCfg = Debug|Any CPU
		{1071826E-5541-42D7-B3B7-90ED66DBAA0F}.Debug|Any CPU.Build.0 = Debug|Any CPU
		{1071826E-5541-42D7-B3B7-90ED66DBAA0F}.Debug|arm64.ActiveCfg = Debug|Any CPU
		{1071826E-5541-42D7-B3B7-90ED66DBAA0F}.Debug|arm64.Build.0 = Debug|Any CPU
		{1071826E-5541-42D7-B3B7-90ED66DBAA0F}.Debug|x64.ActiveCfg = Debug|Any CPU
		{1071826E-5541-42D7-B3B7-90ED66DBAA0F}.Debug|x64.Build.0 = Debug|Any CPU
		{1071826E-5541-42D7-B3B7-90ED66DBAA0F}.Debug|x86.ActiveCfg = Debug|Any CPU
		{1071826E-5541-42D7-B3B7-90ED66DBAA0F}.Debug|x86.Build.0 = Debug|Any CPU
		{1071826E-5541-42D7-B3B7-90ED66DBAA0F}.Release|Any CPU.ActiveCfg = Release|Any CPU
		{1071826E-5541-42D7-B3B7-90ED66DBAA0F}.Release|Any CPU.Build.0 = Release|Any CPU
		{1071826E-5541-42D7-B3B7-90ED66DBAA0F}.Release|arm64.ActiveCfg = Release|Any CPU
		{1071826E-5541-42D7-B3B7-90ED66DBAA0F}.Release|arm64.Build.0 = Release|Any CPU
		{1071826E-5541-42D7-B3B7-90ED66DBAA0F}.Release|x64.ActiveCfg = Release|Any CPU
		{1071826E-5541-42D7-B3B7-90ED66DBAA0F}.Release|x64.Build.0 = Release|Any CPU
		{1071826E-5541-42D7-B3B7-90ED66DBAA0F}.Release|x86.ActiveCfg = Release|Any CPU
		{1071826E-5541-42D7-B3B7-90ED66DBAA0F}.Release|x86.Build.0 = Release|Any CPU
		{91137A85-8086-416D-BD08-41C4E35F6F35}.Debug|Any CPU.ActiveCfg = Debug|Any CPU
		{91137A85-8086-416D-BD08-41C4E35F6F35}.Debug|Any CPU.Build.0 = Debug|Any CPU
		{91137A85-8086-416D-BD08-41C4E35F6F35}.Debug|arm64.ActiveCfg = Debug|Any CPU
		{91137A85-8086-416D-BD08-41C4E35F6F35}.Debug|arm64.Build.0 = Debug|Any CPU
		{91137A85-8086-416D-BD08-41C4E35F6F35}.Debug|x64.ActiveCfg = Debug|Any CPU
		{91137A85-8086-416D-BD08-41C4E35F6F35}.Debug|x64.Build.0 = Debug|Any CPU
		{91137A85-8086-416D-BD08-41C4E35F6F35}.Debug|x86.ActiveCfg = Debug|Any CPU
		{91137A85-8086-416D-BD08-41C4E35F6F35}.Debug|x86.Build.0 = Debug|Any CPU
		{91137A85-8086-416D-BD08-41C4E35F6F35}.Release|Any CPU.ActiveCfg = Release|Any CPU
		{91137A85-8086-416D-BD08-41C4E35F6F35}.Release|Any CPU.Build.0 = Release|Any CPU
		{91137A85-8086-416D-BD08-41C4E35F6F35}.Release|arm64.ActiveCfg = Release|Any CPU
		{91137A85-8086-416D-BD08-41C4E35F6F35}.Release|arm64.Build.0 = Release|Any CPU
		{91137A85-8086-416D-BD08-41C4E35F6F35}.Release|x64.ActiveCfg = Release|Any CPU
		{91137A85-8086-416D-BD08-41C4E35F6F35}.Release|x64.Build.0 = Release|Any CPU
		{91137A85-8086-416D-BD08-41C4E35F6F35}.Release|x86.ActiveCfg = Release|Any CPU
		{91137A85-8086-416D-BD08-41C4E35F6F35}.Release|x86.Build.0 = Release|Any CPU
	EndGlobalSection
	GlobalSection(SolutionProperties) = preSolution
		HideSolutionNode = FALSE
	EndGlobalSection
	GlobalSection(ExtensibilityGlobals) = postSolution
		SolutionGuid = {845000E2-7F9A-49E4-AF06-7EF032BAB868}
	EndGlobalSection
EndGlobal
