
Microsoft Visual Studio Solution File, Format Version 12.00
# Visual Studio Version 17
VisualStudioVersion = 17.1.32319.34
MinimumVisualStudioVersion = 10.0.40219.1
Project("{9A19103F-16F7-4668-BE54-9A1E7A4F7556}") = "BeepEnterprize.winform.net6", "BeepEnterprize.winform.net6\BeepEnterprize.winform.net6.csproj", "{FDA7EC33-9AF0-4512-8734-EC0BC946006F}"
EndProject
Project("{9A19103F-16F7-4668-BE54-9A1E7A4F7556}") = "Beep.Winform.Controls.net6", "Beep.Winform.Controls.net6\Beep.Winform.Controls.net6.csproj", "{E8DCEECA-E35B-4893-8AAE-D2A715158286}"
EndProject
Project("{9A19103F-16F7-4668-BE54-9A1E7A4F7556}") = "BeepEnterprize.Vis.Module.net6", "BeepEnterprize.Vis.Module.net6\BeepEnterprize.Vis.Module.net6.csproj", "{C63520CB-C88B-43B6-A680-37F5A5EAF59D}"
EndProject
Project("{9A19103F-16F7-4668-BE54-9A1E7A4F7556}") = "BeepEnterprize.Winform.Vis.net6", "BeepEnterprize.Winform.Vis.net6\BeepEnterprize.Winform.Vis.net6.csproj", "{1B5CA42B-B236-4291-AF58-95A8C0496925}"
EndProject
Project("{9A19103F-16F7-4668-BE54-9A1E7A4F7556}") = "BeepEnterprizeTreeNodes.net6", "BeepEnterprizeTreeNodes.net6\BeepEnterprizeTreeNodes.net6.csproj", "{98BCCC1A-E27D-4833-902D-023047CC0646}"
EndProject
Project("{2150E333-8FDC-42A3-9474-1A3956D46DE8}") = "EXtensions", "EXtensions", "{EE4777D6-40FC-4546-A235-D8F7E5D33006}"
EndProject
Project("{9A19103F-16F7-4668-BE54-9A1E7A4F7556}") = "AssemblyLoaderIAIandAppsNet6", "AssemblyLoaderIBranchAI\AssemblyLoaderIAIandAppsNet6.csproj", "{DCAFEF56-1524-4BD6-9B39-48FB661EB609}"
EndProject
Project("{9A19103F-16F7-4668-BE54-9A1E7A4F7556}") = "AssemblyLoaderIBranchExtensionNet6", "AssemblyLoaderIBranchExtensionNet6\AssemblyLoaderIBranchExtensionNet6.csproj", "{25B61592-CFB0-4D8D-B1BF-571569C1BB34}"
EndProject
Project("{2150E333-8FDC-42A3-9474-1A3956D46DE8}") = "Modules", "Modules", "{FEB7533C-1BA2-4BA7-B5A0-FE84E3EF9C91}"
EndProject
Project("{9A19103F-16F7-4668-BE54-9A1E7A4F7556}") = "AIModuleNet6", "Modules\AIModuleNet6\AIModuleNet6.csproj", "{387F8131-9F3C-4B88-B418-A699E0408580}"
EndProject
Project("{9A19103F-16F7-4668-BE54-9A1E7A4F7556}") = "AppModuleNet6", "Modules\AppModuleNet6\AppModuleNet6.csproj", "{BBFCBAB7-3A9D-4051-B346-DA335C270C73}"
EndProject
Project("{2150E333-8FDC-42A3-9474-1A3956D46DE8}") = "Visualization", "Visualization", "{6C8D5AB1-AED3-475B-B228-6CC4AB183574}"
EndProject
Project("{2150E333-8FDC-42A3-9474-1A3956D46DE8}") = "Beep", "Beep", "{26FB4439-77FC-48C1-8D18-0982E8A28C36}"
EndProject
Project("{9A19103F-16F7-4668-BE54-9A1E7A4F7556}") = "DataManagmentEngineNet6", "..\BeepDM\DataManagmentEngineNet6\DataManagmentEngineNet6.csproj", "{33A9DACB-C69E-48A4-84BC-BAD40C30EDD5}"
EndProject
Project("{D954291E-2A0B-460D-934E-DC6B0785DB48}") = "DataManagmentModelsShared", "..\BeepDM\DataManagementModelsShared\DataManagmentModelsShared.shproj", "{2F745B0A-B2F4-4EB8-9A8E-5A87B2988F99}"
EndProject
Project("{9A19103F-16F7-4668-BE54-9A1E7A4F7556}") = "DataManagmentModelsNet6", "..\BeepDM\DataManagmentModelsNet6\DataManagmentModelsNet6.csproj", "{98FEC025-6BB0-42AE-9C66-F26C3FCBDE12}"
EndProject
Project("{9A19103F-16F7-4668-BE54-9A1E7A4F7556}") = "DMLoggerNet6", "..\BeepDM\DMLoggerNet6\DMLoggerNet6.csproj", "{8812E9A8-DE2D-485F-B7DA-1100ADB7E446}"
EndProject
Project("{9A19103F-16F7-4668-BE54-9A1E7A4F7556}") = "JsonFileLoaderNet6", "..\BeepDM\JsonFileLoaderNet6\JsonFileLoaderNet6.csproj", "{F7435F64-3D85-425D-B518-F79A916286AB}"
EndProject
Project("{9A19103F-16F7-4668-BE54-9A1E7A4F7556}") = "Assembly_helpersNet6", "..\BeepDM\Assembly_helpersNet6\Assembly_helpersNet6.csproj", "{5DCE4B76-45B8-4E72-8437-886C17BE4AE5}"
EndProject
Project("{D954291E-2A0B-460D-934E-DC6B0785DB48}") = "DataManagmentEngineShared", "..\BeepDM\DataManagmentEngineShared\DataManagmentEngineShared.shproj", "{B5D91583-1EB4-4B3C-8288-88FD13E35556}"
EndProject
Global
	GlobalSection(SharedMSBuildProjectFiles) = preSolution
		..\BeepDM\DataManagementModelsShared\DataManagementModelsShared.projitems*{2f745b0a-b2f4-4eb8-9a8e-5a87b2988f99}*SharedItemsImports = 13
		..\BeepDM\DataManagmentEngineShared\DataManagmentEngineShared.projitems*{33a9dacb-c69e-48a4-84bc-bad40c30edd5}*SharedItemsImports = 5
		..\BeepDM\DataManagementModelsShared\DataManagementModelsShared.projitems*{98fec025-6bb0-42ae-9c66-f26c3fcbde12}*SharedItemsImports = 5
		..\BeepDM\DataManagmentEngineShared\DataManagmentEngineShared.projitems*{b5d91583-1eb4-4b3c-8288-88fd13e35556}*SharedItemsImports = 13
	EndGlobalSection
	GlobalSection(SolutionConfigurationPlatforms) = preSolution
		Debug|Any CPU = Debug|Any CPU
		Release|Any CPU = Release|Any CPU
	EndGlobalSection
	GlobalSection(ProjectConfigurationPlatforms) = postSolution
		{FDA7EC33-9AF0-4512-8734-EC0BC946006F}.Debug|Any CPU.ActiveCfg = Debug|Any CPU
		{FDA7EC33-9AF0-4512-8734-EC0BC946006F}.Debug|Any CPU.Build.0 = Debug|Any CPU
		{FDA7EC33-9AF0-4512-8734-EC0BC946006F}.Release|Any CPU.ActiveCfg = Release|Any CPU
		{FDA7EC33-9AF0-4512-8734-EC0BC946006F}.Release|Any CPU.Build.0 = Release|Any CPU
		{E8DCEECA-E35B-4893-8AAE-D2A715158286}.Debug|Any CPU.ActiveCfg = Debug|Any CPU
		{E8DCEECA-E35B-4893-8AAE-D2A715158286}.Debug|Any CPU.Build.0 = Debug|Any CPU
		{E8DCEECA-E35B-4893-8AAE-D2A715158286}.Release|Any CPU.ActiveCfg = Release|Any CPU
		{E8DCEECA-E35B-4893-8AAE-D2A715158286}.Release|Any CPU.Build.0 = Release|Any CPU
		{C63520CB-C88B-43B6-A680-37F5A5EAF59D}.Debug|Any CPU.ActiveCfg = Debug|Any CPU
		{C63520CB-C88B-43B6-A680-37F5A5EAF59D}.Debug|Any CPU.Build.0 = Debug|Any CPU
		{C63520CB-C88B-43B6-A680-37F5A5EAF59D}.Release|Any CPU.ActiveCfg = Release|Any CPU
		{C63520CB-C88B-43B6-A680-37F5A5EAF59D}.Release|Any CPU.Build.0 = Release|Any CPU
		{1B5CA42B-B236-4291-AF58-95A8C0496925}.Debug|Any CPU.ActiveCfg = Debug|Any CPU
		{1B5CA42B-B236-4291-AF58-95A8C0496925}.Debug|Any CPU.Build.0 = Debug|Any CPU
		{1B5CA42B-B236-4291-AF58-95A8C0496925}.Release|Any CPU.ActiveCfg = Release|Any CPU
		{1B5CA42B-B236-4291-AF58-95A8C0496925}.Release|Any CPU.Build.0 = Release|Any CPU
		{98BCCC1A-E27D-4833-902D-023047CC0646}.Debug|Any CPU.ActiveCfg = Debug|Any CPU
		{98BCCC1A-E27D-4833-902D-023047CC0646}.Debug|Any CPU.Build.0 = Debug|Any CPU
		{98BCCC1A-E27D-4833-902D-023047CC0646}.Release|Any CPU.ActiveCfg = Release|Any CPU
		{98BCCC1A-E27D-4833-902D-023047CC0646}.Release|Any CPU.Build.0 = Release|Any CPU
		{DCAFEF56-1524-4BD6-9B39-48FB661EB609}.Debug|Any CPU.ActiveCfg = Debug|Any CPU
		{DCAFEF56-1524-4BD6-9B39-48FB661EB609}.Debug|Any CPU.Build.0 = Debug|Any CPU
		{DCAFEF56-1524-4BD6-9B39-48FB661EB609}.Release|Any CPU.ActiveCfg = Release|Any CPU
		{DCAFEF56-1524-4BD6-9B39-48FB661EB609}.Release|Any CPU.Build.0 = Release|Any CPU
		{25B61592-CFB0-4D8D-B1BF-571569C1BB34}.Debug|Any CPU.ActiveCfg = Debug|Any CPU
		{25B61592-CFB0-4D8D-B1BF-571569C1BB34}.Debug|Any CPU.Build.0 = Debug|Any CPU
		{25B61592-CFB0-4D8D-B1BF-571569C1BB34}.Release|Any CPU.ActiveCfg = Release|Any CPU
		{25B61592-CFB0-4D8D-B1BF-571569C1BB34}.Release|Any CPU.Build.0 = Release|Any CPU
		{387F8131-9F3C-4B88-B418-A699E0408580}.Debug|Any CPU.ActiveCfg = Debug|Any CPU
		{387F8131-9F3C-4B88-B418-A699E0408580}.Debug|Any CPU.Build.0 = Debug|Any CPU
		{387F8131-9F3C-4B88-B418-A699E0408580}.Release|Any CPU.ActiveCfg = Release|Any CPU
		{387F8131-9F3C-4B88-B418-A699E0408580}.Release|Any CPU.Build.0 = Release|Any CPU
		{BBFCBAB7-3A9D-4051-B346-DA335C270C73}.Debug|Any CPU.ActiveCfg = Debug|Any CPU
		{BBFCBAB7-3A9D-4051-B346-DA335C270C73}.Debug|Any CPU.Build.0 = Debug|Any CPU
		{BBFCBAB7-3A9D-4051-B346-DA335C270C73}.Release|Any CPU.ActiveCfg = Release|Any CPU
		{BBFCBAB7-3A9D-4051-B346-DA335C270C73}.Release|Any CPU.Build.0 = Release|Any CPU
		{33A9DACB-C69E-48A4-84BC-BAD40C30EDD5}.Debug|Any CPU.ActiveCfg = Debug|Any CPU
		{33A9DACB-C69E-48A4-84BC-BAD40C30EDD5}.Debug|Any CPU.Build.0 = Debug|Any CPU
		{33A9DACB-C69E-48A4-84BC-BAD40C30EDD5}.Release|Any CPU.ActiveCfg = Release|Any CPU
		{33A9DACB-C69E-48A4-84BC-BAD40C30EDD5}.Release|Any CPU.Build.0 = Release|Any CPU
		{98FEC025-6BB0-42AE-9C66-F26C3FCBDE12}.Debug|Any CPU.ActiveCfg = Debug|Any CPU
		{98FEC025-6BB0-42AE-9C66-F26C3FCBDE12}.Debug|Any CPU.Build.0 = Debug|Any CPU
		{98FEC025-6BB0-42AE-9C66-F26C3FCBDE12}.Release|Any CPU.ActiveCfg = Release|Any CPU
		{98FEC025-6BB0-42AE-9C66-F26C3FCBDE12}.Release|Any CPU.Build.0 = Release|Any CPU
		{8812E9A8-DE2D-485F-B7DA-1100ADB7E446}.Debug|Any CPU.ActiveCfg = Debug|Any CPU
		{8812E9A8-DE2D-485F-B7DA-1100ADB7E446}.Debug|Any CPU.Build.0 = Debug|Any CPU
		{8812E9A8-DE2D-485F-B7DA-1100ADB7E446}.Release|Any CPU.ActiveCfg = Release|Any CPU
		{8812E9A8-DE2D-485F-B7DA-1100ADB7E446}.Release|Any CPU.Build.0 = Release|Any CPU
		{F7435F64-3D85-425D-B518-F79A916286AB}.Debug|Any CPU.ActiveCfg = Debug|Any CPU
		{F7435F64-3D85-425D-B518-F79A916286AB}.Debug|Any CPU.Build.0 = Debug|Any CPU
		{F7435F64-3D85-425D-B518-F79A916286AB}.Release|Any CPU.ActiveCfg = Release|Any CPU
		{F7435F64-3D85-425D-B518-F79A916286AB}.Release|Any CPU.Build.0 = Release|Any CPU
		{5DCE4B76-45B8-4E72-8437-886C17BE4AE5}.Debug|Any CPU.ActiveCfg = Debug|Any CPU
		{5DCE4B76-45B8-4E72-8437-886C17BE4AE5}.Debug|Any CPU.Build.0 = Debug|Any CPU
		{5DCE4B76-45B8-4E72-8437-886C17BE4AE5}.Release|Any CPU.ActiveCfg = Release|Any CPU
		{5DCE4B76-45B8-4E72-8437-886C17BE4AE5}.Release|Any CPU.Build.0 = Release|Any CPU
	EndGlobalSection
	GlobalSection(SolutionProperties) = preSolution
		HideSolutionNode = FALSE
	EndGlobalSection
	GlobalSection(NestedProjects) = preSolution
		{E8DCEECA-E35B-4893-8AAE-D2A715158286} = {6C8D5AB1-AED3-475B-B228-6CC4AB183574}
		{C63520CB-C88B-43B6-A680-37F5A5EAF59D} = {FEB7533C-1BA2-4BA7-B5A0-FE84E3EF9C91}
		{1B5CA42B-B236-4291-AF58-95A8C0496925} = {6C8D5AB1-AED3-475B-B228-6CC4AB183574}
		{98BCCC1A-E27D-4833-902D-023047CC0646} = {6C8D5AB1-AED3-475B-B228-6CC4AB183574}
		{DCAFEF56-1524-4BD6-9B39-48FB661EB609} = {EE4777D6-40FC-4546-A235-D8F7E5D33006}
		{25B61592-CFB0-4D8D-B1BF-571569C1BB34} = {EE4777D6-40FC-4546-A235-D8F7E5D33006}
		{387F8131-9F3C-4B88-B418-A699E0408580} = {FEB7533C-1BA2-4BA7-B5A0-FE84E3EF9C91}
		{BBFCBAB7-3A9D-4051-B346-DA335C270C73} = {FEB7533C-1BA2-4BA7-B5A0-FE84E3EF9C91}
		{33A9DACB-C69E-48A4-84BC-BAD40C30EDD5} = {26FB4439-77FC-48C1-8D18-0982E8A28C36}
		{2F745B0A-B2F4-4EB8-9A8E-5A87B2988F99} = {26FB4439-77FC-48C1-8D18-0982E8A28C36}
		{98FEC025-6BB0-42AE-9C66-F26C3FCBDE12} = {26FB4439-77FC-48C1-8D18-0982E8A28C36}
		{8812E9A8-DE2D-485F-B7DA-1100ADB7E446} = {26FB4439-77FC-48C1-8D18-0982E8A28C36}
		{F7435F64-3D85-425D-B518-F79A916286AB} = {26FB4439-77FC-48C1-8D18-0982E8A28C36}
		{5DCE4B76-45B8-4E72-8437-886C17BE4AE5} = {26FB4439-77FC-48C1-8D18-0982E8A28C36}
		{B5D91583-1EB4-4B3C-8288-88FD13E35556} = {26FB4439-77FC-48C1-8D18-0982E8A28C36}
	EndGlobalSection
	GlobalSection(ExtensibilityGlobals) = postSolution
		SolutionGuid = {845000E2-7F9A-49E4-AF06-7EF032BAB868}
	EndGlobalSection
EndGlobal
