
Microsoft Visual Studio Solution File, Format Version 12.00
# Visual Studio Version 17
VisualStudioVersion = 17.1.32319.34
MinimumVisualStudioVersion = 10.0.40219.1
Project("{9A19103F-16F7-4668-BE54-9A1E7A4F7556}") = "TheTechIdea.Beep.MVVM", "..\Beep.ViewModels\TheTechIdea.Beep.MVVM\TheTechIdea.Beep.MVVM.csproj", "{0D408BF0-80BF-4205-9A1A-B0DDEF425AA2}"
EndProject
Project("{FAE04EC0-301F-11D3-BF4B-00C04F79EFBC}") = "TheTechIdea.Beep.Vis.Modules", "..\Beep.Winform\TheTechIdea.Beep.Vis.Modules2.0\TheTechIdea.Beep.Vis.Modules.csproj", "{5A2EA091-CF86-4EDA-A36A-BF66B58A3489}"
EndProject
Project("{FAE04EC0-301F-11D3-BF4B-00C04F79EFBC}") = "NuggetDummy", "..\..\LocalNugetFiles\NuggetDummy\NuggetDummy.csproj", "{A05ABE25-39CA-4EB6-BE6B-728AF258EEF6}"
EndProject
Project("{FAE04EC0-301F-11D3-BF4B-00C04F79EFBC}") = "WinFormsApp.UI.Test", "WinFormsApp.UI.Test\WinFormsApp.UI.Test.csproj", "{26B15A34-3F51-4201-AEE3-484FA95578B1}"
EndProject
Project("{FAE04EC0-301F-11D3-BF4B-00C04F79EFBC}") = "TheTechIdea.Beep.TreeNodes", "..\Beep.Branchs\TheTechIdea.Beep.TreeNodes\TheTechIdea.Beep.TreeNodes.csproj", "{02CC50F1-27BF-42DD-A74A-6797AADF175F}"
EndProject
Project("{FAE04EC0-301F-11D3-BF4B-00C04F79EFBC}") = "TheTechIdea.Beep.Vis.Loader", "..\Beep.Branchs\TheTechIdea.Beep.Vis.Loader\TheTechIdea.Beep.Vis.Loader.csproj", "{3C2AB6D9-FCBD-40E9-BA2F-2A3DFC39600E}"
EndProject
Project("{FAE04EC0-301F-11D3-BF4B-00C04F79EFBC}") = "DataManagementModels", "..\BeepDM\DataManagementModelsStandard\DataManagementModels.csproj", "{72947103-1B27-49C0-B4C5-CC830D1E2C83}"
EndProject
Project("{FAE04EC0-301F-11D3-BF4B-00C04F79EFBC}") = "TheTechIdea.Beep.Container.Model", "..\Beep.Containers\Beep.Containers.Models\TheTechIdea.Beep.Container.Model.csproj", "{F98C67D3-B05F-46F6-96BA-5E32D1D08B4E}"
EndProject
Project("{FAE04EC0-301F-11D3-BF4B-00C04F79EFBC}") = "TheTechIdea.Beep.Container.AutoFac", "..\Beep.Containers\Beep.Container.AutoFac\TheTechIdea.Beep.Container.AutoFac.csproj", "{0013A66A-75CB-49B6-ADAD-EA14F694F9D0}"
EndProject
Project("{FAE04EC0-301F-11D3-BF4B-00C04F79EFBC}") = "TheTechIdea.Beep.Shared", "..\Beep.Shared\Beep.Shared\TheTechIdea.Beep.Shared.csproj", "{AF693158-AB04-4A45-B9AD-8FA9E54E554A}"
EndProject
Project("{FAE04EC0-301F-11D3-BF4B-00C04F79EFBC}") = "TheTechIdea.Beep.Container", "..\Beep.Containers\Beep.Container\TheTechIdea.Beep.Container.csproj", "{56611122-1DF8-44EB-9A56-2F83D92AAFC5}"
EndProject
Project("{FAE04EC0-301F-11D3-BF4B-00C04F79EFBC}") = "DataManagementEngine", "..\BeepDM\DataManagementEngineStandard\DataManagementEngine.csproj", "{0DBFFF0C-E63A-45A1-B729-C19EC23936E1}"
EndProject
Project("{FAE04EC0-301F-11D3-BF4B-00C04F79EFBC}") = "TheTechIdea.Beep.Winform.Default.Views", "..\Beep.Winform\TheTechIdea.Beep.Winform.Default.Views\TheTechIdea.Beep.Winform.Default.Views.csproj", "{C78D8241-4BC7-468D-BEB7-A9B7C991B25E}"
EndProject
Project("{FAE04EC0-301F-11D3-BF4B-00C04F79EFBC}") = "TheTechIdea.Beep.Winform.Controls", "..\Beep.Winform\TheTechIdea.Beep.Winform.Controls\TheTechIdea.Beep.Winform.Controls.csproj", "{07850380-EA65-A034-DBC7-4F4FC6217577}"
EndProject
Project("{FAE04EC0-301F-11D3-BF4B-00C04F79EFBC}") = "TheTechIdea.Beep.Desktop.Common", "..\Beep.Winform\TheTechIdea.Beep.Winform.Controls.Common\TheTechIdea.Beep.Desktop.Common.csproj", "{BFA4FBD4-4EB9-724A-EA48-D2A50DBF404E}"
EndProject
Project("{FAE04EC0-301F-11D3-BF4B-00C04F79EFBC}") = "TheTechIdea.Beep.Winform.Extensions", "..\Beep.Winform\TheTechIdea.Beep.Winform.Extensions\TheTechIdea.Beep.Winform.Extensions.csproj", "{013E0344-A744-72D4-19E7-2703F68CEF9E}"
EndProject
Project("{FAE04EC0-301F-11D3-BF4B-00C04F79EFBC}") = "TheTechIdea.Beep.Winform.Views", "..\Beep.Winform\TheTechIdea.Beep.Winform.Views\TheTechIdea.Beep.Winform.Views.csproj", "{B9BD15E5-3773-63CA-0EB7-7219E5C899DD}"
EndProject
Project("{FAE04EC0-301F-11D3-BF4B-00C04F79EFBC}") = "TheTechIdea.Beep.Winform.Controls.Integrated", "..\Beep.Winform\TheTechIdea.Beep.Winform.Controls.Integrated\TheTechIdea.Beep.Winform.Controls.Integrated.csproj", "{3BFA339A-1325-46A9-BC8E-0A1DA13D9104}"
EndProject
Project("{FAE04EC0-301F-11D3-BF4B-00C04F79EFBC}") = "TheTechIdea.Beep.Desktop.Design.Extensions", "..\Beep.Winform\TheTechIdea.Beep.Desktop.Design.Extensions\TheTechIdea.Beep.Desktop.Design.Extensions.csproj", "{18D0D95D-BA13-43F7-B062-95917094A2A8}"
EndProject
Global
	GlobalSection(SolutionConfigurationPlatforms) = preSolution
		Debug|Any CPU = Debug|Any CPU
		Debug|arm64 = Debug|arm64
		Debug|x64 = Debug|x64
		Debug|x86 = Debug|x86
		Release|Any CPU = Release|Any CPU
		Release|arm64 = Release|arm64
		Release|x64 = Release|x64
		Release|x86 = Release|x86
	EndGlobalSection
	GlobalSection(ProjectConfigurationPlatforms) = postSolution
		{0D408BF0-80BF-4205-9A1A-B0DDEF425AA2}.Debug|Any CPU.ActiveCfg = Debug|Any CPU
		{0D408BF0-80BF-4205-9A1A-B0DDEF425AA2}.Debug|Any CPU.Build.0 = Debug|Any CPU
		{0D408BF0-80BF-4205-9A1A-B0DDEF425AA2}.Debug|arm64.ActiveCfg = Debug|Any CPU
		{0D408BF0-80BF-4205-9A1A-B0DDEF425AA2}.Debug|arm64.Build.0 = Debug|Any CPU
		{0D408BF0-80BF-4205-9A1A-B0DDEF425AA2}.Debug|x64.ActiveCfg = Debug|Any CPU
		{0D408BF0-80BF-4205-9A1A-B0DDEF425AA2}.Debug|x64.Build.0 = Debug|Any CPU
		{0D408BF0-80BF-4205-9A1A-B0DDEF425AA2}.Debug|x86.ActiveCfg = Debug|Any CPU
		{0D408BF0-80BF-4205-9A1A-B0DDEF425AA2}.Debug|x86.Build.0 = Debug|Any CPU
		{0D408BF0-80BF-4205-9A1A-B0DDEF425AA2}.Release|Any CPU.ActiveCfg = Release|Any CPU
		{0D408BF0-80BF-4205-9A1A-B0DDEF425AA2}.Release|Any CPU.Build.0 = Release|Any CPU
		{0D408BF0-80BF-4205-9A1A-B0DDEF425AA2}.Release|arm64.ActiveCfg = Release|Any CPU
		{0D408BF0-80BF-4205-9A1A-B0DDEF425AA2}.Release|arm64.Build.0 = Release|Any CPU
		{0D408BF0-80BF-4205-9A1A-B0DDEF425AA2}.Release|x64.ActiveCfg = Release|Any CPU
		{0D408BF0-80BF-4205-9A1A-B0DDEF425AA2}.Release|x64.Build.0 = Release|Any CPU
		{0D408BF0-80BF-4205-9A1A-B0DDEF425AA2}.Release|x86.ActiveCfg = Release|Any CPU
		{0D408BF0-80BF-4205-9A1A-B0DDEF425AA2}.Release|x86.Build.0 = Release|Any CPU
		{5A2EA091-CF86-4EDA-A36A-BF66B58A3489}.Debug|Any CPU.ActiveCfg = Debug|Any CPU
		{5A2EA091-CF86-4EDA-A36A-BF66B58A3489}.Debug|Any CPU.Build.0 = Debug|Any CPU
		{5A2EA091-CF86-4EDA-A36A-BF66B58A3489}.Debug|arm64.ActiveCfg = Debug|Any CPU
		{5A2EA091-CF86-4EDA-A36A-BF66B58A3489}.Debug|arm64.Build.0 = Debug|Any CPU
		{5A2EA091-CF86-4EDA-A36A-BF66B58A3489}.Debug|x64.ActiveCfg = Debug|Any CPU
		{5A2EA091-CF86-4EDA-A36A-BF66B58A3489}.Debug|x64.Build.0 = Debug|Any CPU
		{5A2EA091-CF86-4EDA-A36A-BF66B58A3489}.Debug|x86.ActiveCfg = Debug|Any CPU
		{5A2EA091-CF86-4EDA-A36A-BF66B58A3489}.Debug|x86.Build.0 = Debug|Any CPU
		{5A2EA091-CF86-4EDA-A36A-BF66B58A3489}.Release|Any CPU.ActiveCfg = Release|Any CPU
		{5A2EA091-CF86-4EDA-A36A-BF66B58A3489}.Release|Any CPU.Build.0 = Release|Any CPU
		{5A2EA091-CF86-4EDA-A36A-BF66B58A3489}.Release|arm64.ActiveCfg = Release|Any CPU
		{5A2EA091-CF86-4EDA-A36A-BF66B58A3489}.Release|arm64.Build.0 = Release|Any CPU
		{5A2EA091-CF86-4EDA-A36A-BF66B58A3489}.Release|x64.ActiveCfg = Release|Any CPU
		{5A2EA091-CF86-4EDA-A36A-BF66B58A3489}.Release|x64.Build.0 = Release|Any CPU
		{5A2EA091-CF86-4EDA-A36A-BF66B58A3489}.Release|x86.ActiveCfg = Release|Any CPU
		{5A2EA091-CF86-4EDA-A36A-BF66B58A3489}.Release|x86.Build.0 = Release|Any CPU
		{A05ABE25-39CA-4EB6-BE6B-728AF258EEF6}.Debug|Any CPU.ActiveCfg = Debug|Any CPU
		{A05ABE25-39CA-4EB6-BE6B-728AF258EEF6}.Debug|Any CPU.Build.0 = Debug|Any CPU
		{A05ABE25-39CA-4EB6-BE6B-728AF258EEF6}.Debug|arm64.ActiveCfg = Debug|Any CPU
		{A05ABE25-39CA-4EB6-BE6B-728AF258EEF6}.Debug|arm64.Build.0 = Debug|Any CPU
		{A05ABE25-39CA-4EB6-BE6B-728AF258EEF6}.Debug|x64.ActiveCfg = Debug|x64
		{A05ABE25-39CA-4EB6-BE6B-728AF258EEF6}.Debug|x64.Build.0 = Debug|x64
		{A05ABE25-39CA-4EB6-BE6B-728AF258EEF6}.Debug|x86.ActiveCfg = Debug|Any CPU
		{A05ABE25-39CA-4EB6-BE6B-728AF258EEF6}.Debug|x86.Build.0 = Debug|Any CPU
		{A05ABE25-39CA-4EB6-BE6B-728AF258EEF6}.Release|Any CPU.ActiveCfg = Release|Any CPU
		{A05ABE25-39CA-4EB6-BE6B-728AF258EEF6}.Release|Any CPU.Build.0 = Release|Any CPU
		{A05ABE25-39CA-4EB6-BE6B-728AF258EEF6}.Release|arm64.ActiveCfg = Release|Any CPU
		{A05ABE25-39CA-4EB6-BE6B-728AF258EEF6}.Release|arm64.Build.0 = Release|Any CPU
		{A05ABE25-39CA-4EB6-BE6B-728AF258EEF6}.Release|x64.ActiveCfg = Release|x64
		{A05ABE25-39CA-4EB6-BE6B-728AF258EEF6}.Release|x64.Build.0 = Release|x64
		{A05ABE25-39CA-4EB6-BE6B-728AF258EEF6}.Release|x86.ActiveCfg = Release|Any CPU
		{A05ABE25-39CA-4EB6-BE6B-728AF258EEF6}.Release|x86.Build.0 = Release|Any CPU
		{26B15A34-3F51-4201-AEE3-484FA95578B1}.Debug|Any CPU.ActiveCfg = Debug|Any CPU
		{26B15A34-3F51-4201-AEE3-484FA95578B1}.Debug|Any CPU.Build.0 = Debug|Any CPU
		{26B15A34-3F51-4201-AEE3-484FA95578B1}.Debug|arm64.ActiveCfg = Debug|Any CPU
		{26B15A34-3F51-4201-AEE3-484FA95578B1}.Debug|arm64.Build.0 = Debug|Any CPU
		{26B15A34-3F51-4201-AEE3-484FA95578B1}.Debug|x64.ActiveCfg = Debug|Any CPU
		{26B15A34-3F51-4201-AEE3-484FA95578B1}.Debug|x64.Build.0 = Debug|Any CPU
		{26B15A34-3F51-4201-AEE3-484FA95578B1}.Debug|x86.ActiveCfg = Debug|Any CPU
		{26B15A34-3F51-4201-AEE3-484FA95578B1}.Debug|x86.Build.0 = Debug|Any CPU
		{26B15A34-3F51-4201-AEE3-484FA95578B1}.Release|Any CPU.ActiveCfg = Release|Any CPU
		{26B15A34-3F51-4201-AEE3-484FA95578B1}.Release|Any CPU.Build.0 = Release|Any CPU
		{26B15A34-3F51-4201-AEE3-484FA95578B1}.Release|arm64.ActiveCfg = Release|Any CPU
		{26B15A34-3F51-4201-AEE3-484FA95578B1}.Release|arm64.Build.0 = Release|Any CPU
		{26B15A34-3F51-4201-AEE3-484FA95578B1}.Release|x64.ActiveCfg = Release|Any CPU
		{26B15A34-3F51-4201-AEE3-484FA95578B1}.Release|x64.Build.0 = Release|Any CPU
		{26B15A34-3F51-4201-AEE3-484FA95578B1}.Release|x86.ActiveCfg = Release|Any CPU
		{26B15A34-3F51-4201-AEE3-484FA95578B1}.Release|x86.Build.0 = Release|Any CPU
		{02CC50F1-27BF-42DD-A74A-6797AADF175F}.Debug|Any CPU.ActiveCfg = Debug|Any CPU
		{02CC50F1-27BF-42DD-A74A-6797AADF175F}.Debug|Any CPU.Build.0 = Debug|Any CPU
		{02CC50F1-27BF-42DD-A74A-6797AADF175F}.Debug|arm64.ActiveCfg = Debug|Any CPU
		{02CC50F1-27BF-42DD-A74A-6797AADF175F}.Debug|arm64.Build.0 = Debug|Any CPU
		{02CC50F1-27BF-42DD-A74A-6797AADF175F}.Debug|x64.ActiveCfg = Debug|Any CPU
		{02CC50F1-27BF-42DD-A74A-6797AADF175F}.Debug|x64.Build.0 = Debug|Any CPU
		{02CC50F1-27BF-42DD-A74A-6797AADF175F}.Debug|x86.ActiveCfg = Debug|Any CPU
		{02CC50F1-27BF-42DD-A74A-6797AADF175F}.Debug|x86.Build.0 = Debug|Any CPU
		{02CC50F1-27BF-42DD-A74A-6797AADF175F}.Release|Any CPU.ActiveCfg = Release|Any CPU
		{02CC50F1-27BF-42DD-A74A-6797AADF175F}.Release|Any CPU.Build.0 = Release|Any CPU
		{02CC50F1-27BF-42DD-A74A-6797AADF175F}.Release|arm64.ActiveCfg = Release|Any CPU
		{02CC50F1-27BF-42DD-A74A-6797AADF175F}.Release|arm64.Build.0 = Release|Any CPU
		{02CC50F1-27BF-42DD-A74A-6797AADF175F}.Release|x64.ActiveCfg = Release|Any CPU
		{02CC50F1-27BF-42DD-A74A-6797AADF175F}.Release|x64.Build.0 = Release|Any CPU
		{02CC50F1-27BF-42DD-A74A-6797AADF175F}.Release|x86.ActiveCfg = Release|Any CPU
		{02CC50F1-27BF-42DD-A74A-6797AADF175F}.Release|x86.Build.0 = Release|Any CPU
		{3C2AB6D9-FCBD-40E9-BA2F-2A3DFC39600E}.Debug|Any CPU.ActiveCfg = Debug|Any CPU
		{3C2AB6D9-FCBD-40E9-BA2F-2A3DFC39600E}.Debug|Any CPU.Build.0 = Debug|Any CPU
		{3C2AB6D9-FCBD-40E9-BA2F-2A3DFC39600E}.Debug|arm64.ActiveCfg = Debug|Any CPU
		{3C2AB6D9-FCBD-40E9-BA2F-2A3DFC39600E}.Debug|arm64.Build.0 = Debug|Any CPU
		{3C2AB6D9-FCBD-40E9-BA2F-2A3DFC39600E}.Debug|x64.ActiveCfg = Debug|Any CPU
		{3C2AB6D9-FCBD-40E9-BA2F-2A3DFC39600E}.Debug|x64.Build.0 = Debug|Any CPU
		{3C2AB6D9-FCBD-40E9-BA2F-2A3DFC39600E}.Debug|x86.ActiveCfg = Debug|Any CPU
		{3C2AB6D9-FCBD-40E9-BA2F-2A3DFC39600E}.Debug|x86.Build.0 = Debug|Any CPU
		{3C2AB6D9-FCBD-40E9-BA2F-2A3DFC39600E}.Release|Any CPU.ActiveCfg = Release|Any CPU
		{3C2AB6D9-FCBD-40E9-BA2F-2A3DFC39600E}.Release|Any CPU.Build.0 = Release|Any CPU
		{3C2AB6D9-FCBD-40E9-BA2F-2A3DFC39600E}.Release|arm64.ActiveCfg = Release|Any CPU
		{3C2AB6D9-FCBD-40E9-BA2F-2A3DFC39600E}.Release|arm64.Build.0 = Release|Any CPU
		{3C2AB6D9-FCBD-40E9-BA2F-2A3DFC39600E}.Release|x64.ActiveCfg = Release|Any CPU
		{3C2AB6D9-FCBD-40E9-BA2F-2A3DFC39600E}.Release|x64.Build.0 = Release|Any CPU
		{3C2AB6D9-FCBD-40E9-BA2F-2A3DFC39600E}.Release|x86.ActiveCfg = Release|Any CPU
		{3C2AB6D9-FCBD-40E9-BA2F-2A3DFC39600E}.Release|x86.Build.0 = Release|Any CPU
		{72947103-1B27-49C0-B4C5-CC830D1E2C83}.Debug|Any CPU.ActiveCfg = Debug|Any CPU
		{72947103-1B27-49C0-B4C5-CC830D1E2C83}.Debug|Any CPU.Build.0 = Debug|Any CPU
		{72947103-1B27-49C0-B4C5-CC830D1E2C83}.Debug|arm64.ActiveCfg = Debug|Any CPU
		{72947103-1B27-49C0-B4C5-CC830D1E2C83}.Debug|arm64.Build.0 = Debug|Any CPU
		{72947103-1B27-49C0-B4C5-CC830D1E2C83}.Debug|x64.ActiveCfg = Debug|Any CPU
		{72947103-1B27-49C0-B4C5-CC830D1E2C83}.Debug|x64.Build.0 = Debug|Any CPU
		{72947103-1B27-49C0-B4C5-CC830D1E2C83}.Debug|x86.ActiveCfg = Debug|Any CPU
		{72947103-1B27-49C0-B4C5-CC830D1E2C83}.Debug|x86.Build.0 = Debug|Any CPU
		{72947103-1B27-49C0-B4C5-CC830D1E2C83}.Release|Any CPU.ActiveCfg = Release|Any CPU
		{72947103-1B27-49C0-B4C5-CC830D1E2C83}.Release|Any CPU.Build.0 = Release|Any CPU
		{72947103-1B27-49C0-B4C5-CC830D1E2C83}.Release|arm64.ActiveCfg = Release|Any CPU
		{72947103-1B27-49C0-B4C5-CC830D1E2C83}.Release|arm64.Build.0 = Release|Any CPU
		{72947103-1B27-49C0-B4C5-CC830D1E2C83}.Release|x64.ActiveCfg = Release|Any CPU
		{72947103-1B27-49C0-B4C5-CC830D1E2C83}.Release|x64.Build.0 = Release|Any CPU
		{72947103-1B27-49C0-B4C5-CC830D1E2C83}.Release|x86.ActiveCfg = Release|Any CPU
		{72947103-1B27-49C0-B4C5-CC830D1E2C83}.Release|x86.Build.0 = Release|Any CPU
		{F98C67D3-B05F-46F6-96BA-5E32D1D08B4E}.Debug|Any CPU.ActiveCfg = Debug|Any CPU
		{F98C67D3-B05F-46F6-96BA-5E32D1D08B4E}.Debug|Any CPU.Build.0 = Debug|Any CPU
		{F98C67D3-B05F-46F6-96BA-5E32D1D08B4E}.Debug|arm64.ActiveCfg = Debug|Any CPU
		{F98C67D3-B05F-46F6-96BA-5E32D1D08B4E}.Debug|arm64.Build.0 = Debug|Any CPU
		{F98C67D3-B05F-46F6-96BA-5E32D1D08B4E}.Debug|x64.ActiveCfg = Debug|Any CPU
		{F98C67D3-B05F-46F6-96BA-5E32D1D08B4E}.Debug|x64.Build.0 = Debug|Any CPU
		{F98C67D3-B05F-46F6-96BA-5E32D1D08B4E}.Debug|x86.ActiveCfg = Debug|Any CPU
		{F98C67D3-B05F-46F6-96BA-5E32D1D08B4E}.Debug|x86.Build.0 = Debug|Any CPU
		{F98C67D3-B05F-46F6-96BA-5E32D1D08B4E}.Release|Any CPU.ActiveCfg = Release|Any CPU
		{F98C67D3-B05F-46F6-96BA-5E32D1D08B4E}.Release|Any CPU.Build.0 = Release|Any CPU
		{F98C67D3-B05F-46F6-96BA-5E32D1D08B4E}.Release|arm64.ActiveCfg = Release|Any CPU
		{F98C67D3-B05F-46F6-96BA-5E32D1D08B4E}.Release|arm64.Build.0 = Release|Any CPU
		{F98C67D3-B05F-46F6-96BA-5E32D1D08B4E}.Release|x64.ActiveCfg = Release|Any CPU
		{F98C67D3-B05F-46F6-96BA-5E32D1D08B4E}.Release|x64.Build.0 = Release|Any CPU
		{F98C67D3-B05F-46F6-96BA-5E32D1D08B4E}.Release|x86.ActiveCfg = Release|Any CPU
		{F98C67D3-B05F-46F6-96BA-5E32D1D08B4E}.Release|x86.Build.0 = Release|Any CPU
		{0013A66A-75CB-49B6-ADAD-EA14F694F9D0}.Debug|Any CPU.ActiveCfg = Debug|Any CPU
		{0013A66A-75CB-49B6-ADAD-EA14F694F9D0}.Debug|Any CPU.Build.0 = Debug|Any CPU
		{0013A66A-75CB-49B6-ADAD-EA14F694F9D0}.Debug|arm64.ActiveCfg = Debug|Any CPU
		{0013A66A-75CB-49B6-ADAD-EA14F694F9D0}.Debug|arm64.Build.0 = Debug|Any CPU
		{0013A66A-75CB-49B6-ADAD-EA14F694F9D0}.Debug|x64.ActiveCfg = Debug|Any CPU
		{0013A66A-75CB-49B6-ADAD-EA14F694F9D0}.Debug|x64.Build.0 = Debug|Any CPU
		{0013A66A-75CB-49B6-ADAD-EA14F694F9D0}.Debug|x86.ActiveCfg = Debug|Any CPU
		{0013A66A-75CB-49B6-ADAD-EA14F694F9D0}.Debug|x86.Build.0 = Debug|Any CPU
		{0013A66A-75CB-49B6-ADAD-EA14F694F9D0}.Release|Any CPU.ActiveCfg = Release|Any CPU
		{0013A66A-75CB-49B6-ADAD-EA14F694F9D0}.Release|Any CPU.Build.0 = Release|Any CPU
		{0013A66A-75CB-49B6-ADAD-EA14F694F9D0}.Release|arm64.ActiveCfg = Release|Any CPU
		{0013A66A-75CB-49B6-ADAD-EA14F694F9D0}.Release|arm64.Build.0 = Release|Any CPU
		{0013A66A-75CB-49B6-ADAD-EA14F694F9D0}.Release|x64.ActiveCfg = Release|Any CPU
		{0013A66A-75CB-49B6-ADAD-EA14F694F9D0}.Release|x64.Build.0 = Release|Any CPU
		{0013A66A-75CB-49B6-ADAD-EA14F694F9D0}.Release|x86.ActiveCfg = Release|Any CPU
		{0013A66A-75CB-49B6-ADAD-EA14F694F9D0}.Release|x86.Build.0 = Release|Any CPU
		{AF693158-AB04-4A45-B9AD-8FA9E54E554A}.Debug|Any CPU.ActiveCfg = Debug|Any CPU
		{AF693158-AB04-4A45-B9AD-8FA9E54E554A}.Debug|Any CPU.Build.0 = Debug|Any CPU
		{AF693158-AB04-4A45-B9AD-8FA9E54E554A}.Debug|arm64.ActiveCfg = Debug|Any CPU
		{AF693158-AB04-4A45-B9AD-8FA9E54E554A}.Debug|arm64.Build.0 = Debug|Any CPU
		{AF693158-AB04-4A45-B9AD-8FA9E54E554A}.Debug|x64.ActiveCfg = Debug|Any CPU
		{AF693158-AB04-4A45-B9AD-8FA9E54E554A}.Debug|x64.Build.0 = Debug|Any CPU
		{AF693158-AB04-4A45-B9AD-8FA9E54E554A}.Debug|x86.ActiveCfg = Debug|Any CPU
		{AF693158-AB04-4A45-B9AD-8FA9E54E554A}.Debug|x86.Build.0 = Debug|Any CPU
		{AF693158-AB04-4A45-B9AD-8FA9E54E554A}.Release|Any CPU.ActiveCfg = Release|Any CPU
		{AF693158-AB04-4A45-B9AD-8FA9E54E554A}.Release|Any CPU.Build.0 = Release|Any CPU
		{AF693158-AB04-4A45-B9AD-8FA9E54E554A}.Release|arm64.ActiveCfg = Release|Any CPU
		{AF693158-AB04-4A45-B9AD-8FA9E54E554A}.Release|arm64.Build.0 = Release|Any CPU
		{AF693158-AB04-4A45-B9AD-8FA9E54E554A}.Release|x64.ActiveCfg = Release|Any CPU
		{AF693158-AB04-4A45-B9AD-8FA9E54E554A}.Release|x64.Build.0 = Release|Any CPU
		{AF693158-AB04-4A45-B9AD-8FA9E54E554A}.Release|x86.ActiveCfg = Release|Any CPU
		{AF693158-AB04-4A45-B9AD-8FA9E54E554A}.Release|x86.Build.0 = Release|Any CPU
		{56611122-1DF8-44EB-9A56-2F83D92AAFC5}.Debug|Any CPU.ActiveCfg = Debug|Any CPU
		{56611122-1DF8-44EB-9A56-2F83D92AAFC5}.Debug|Any CPU.Build.0 = Debug|Any CPU
		{56611122-1DF8-44EB-9A56-2F83D92AAFC5}.Debug|arm64.ActiveCfg = Debug|Any CPU
		{56611122-1DF8-44EB-9A56-2F83D92AAFC5}.Debug|arm64.Build.0 = Debug|Any CPU
		{56611122-1DF8-44EB-9A56-2F83D92AAFC5}.Debug|x64.ActiveCfg = Debug|Any CPU
		{56611122-1DF8-44EB-9A56-2F83D92AAFC5}.Debug|x64.Build.0 = Debug|Any CPU
		{56611122-1DF8-44EB-9A56-2F83D92AAFC5}.Debug|x86.ActiveCfg = Debug|Any CPU
		{56611122-1DF8-44EB-9A56-2F83D92AAFC5}.Debug|x86.Build.0 = Debug|Any CPU
		{56611122-1DF8-44EB-9A56-2F83D92AAFC5}.Release|Any CPU.ActiveCfg = Release|Any CPU
		{56611122-1DF8-44EB-9A56-2F83D92AAFC5}.Release|Any CPU.Build.0 = Release|Any CPU
		{56611122-1DF8-44EB-9A56-2F83D92AAFC5}.Release|arm64.ActiveCfg = Release|Any CPU
		{56611122-1DF8-44EB-9A56-2F83D92AAFC5}.Release|arm64.Build.0 = Release|Any CPU
		{56611122-1DF8-44EB-9A56-2F83D92AAFC5}.Release|x64.ActiveCfg = Release|Any CPU
		{56611122-1DF8-44EB-9A56-2F83D92AAFC5}.Release|x64.Build.0 = Release|Any CPU
		{56611122-1DF8-44EB-9A56-2F83D92AAFC5}.Release|x86.ActiveCfg = Release|Any CPU
		{56611122-1DF8-44EB-9A56-2F83D92AAFC5}.Release|x86.Build.0 = Release|Any CPU
		{0DBFFF0C-E63A-45A1-B729-C19EC23936E1}.Debug|Any CPU.ActiveCfg = Debug|Any CPU
		{0DBFFF0C-E63A-45A1-B729-C19EC23936E1}.Debug|Any CPU.Build.0 = Debug|Any CPU
		{0DBFFF0C-E63A-45A1-B729-C19EC23936E1}.Debug|arm64.ActiveCfg = Debug|Any CPU
		{0DBFFF0C-E63A-45A1-B729-C19EC23936E1}.Debug|arm64.Build.0 = Debug|Any CPU
		{0DBFFF0C-E63A-45A1-B729-C19EC23936E1}.Debug|x64.ActiveCfg = Debug|Any CPU
		{0DBFFF0C-E63A-45A1-B729-C19EC23936E1}.Debug|x64.Build.0 = Debug|Any CPU
		{0DBFFF0C-E63A-45A1-B729-C19EC23936E1}.Debug|x86.ActiveCfg = Debug|Any CPU
		{0DBFFF0C-E63A-45A1-B729-C19EC23936E1}.Debug|x86.Build.0 = Debug|Any CPU
		{0DBFFF0C-E63A-45A1-B729-C19EC23936E1}.Release|Any CPU.ActiveCfg = Release|Any CPU
		{0DBFFF0C-E63A-45A1-B729-C19EC23936E1}.Release|Any CPU.Build.0 = Release|Any CPU
		{0DBFFF0C-E63A-45A1-B729-C19EC23936E1}.Release|arm64.ActiveCfg = Release|Any CPU
		{0DBFFF0C-E63A-45A1-B729-C19EC23936E1}.Release|arm64.Build.0 = Release|Any CPU
		{0DBFFF0C-E63A-45A1-B729-C19EC23936E1}.Release|x64.ActiveCfg = Release|Any CPU
		{0DBFFF0C-E63A-45A1-B729-C19EC23936E1}.Release|x64.Build.0 = Release|Any CPU
		{0DBFFF0C-E63A-45A1-B729-C19EC23936E1}.Release|x86.ActiveCfg = Release|Any CPU
		{0DBFFF0C-E63A-45A1-B729-C19EC23936E1}.Release|x86.Build.0 = Release|Any CPU
		{C78D8241-4BC7-468D-BEB7-A9B7C991B25E}.Debug|Any CPU.ActiveCfg = Debug|Any CPU
		{C78D8241-4BC7-468D-BEB7-A9B7C991B25E}.Debug|Any CPU.Build.0 = Debug|Any CPU
		{C78D8241-4BC7-468D-BEB7-A9B7C991B25E}.Debug|arm64.ActiveCfg = Debug|Any CPU
		{C78D8241-4BC7-468D-BEB7-A9B7C991B25E}.Debug|arm64.Build.0 = Debug|Any CPU
		{C78D8241-4BC7-468D-BEB7-A9B7C991B25E}.Debug|x64.ActiveCfg = Debug|Any CPU
		{C78D8241-4BC7-468D-BEB7-A9B7C991B25E}.Debug|x64.Build.0 = Debug|Any CPU
		{C78D8241-4BC7-468D-BEB7-A9B7C991B25E}.Debug|x86.ActiveCfg = Debug|Any CPU
		{C78D8241-4BC7-468D-BEB7-A9B7C991B25E}.Debug|x86.Build.0 = Debug|Any CPU
		{C78D8241-4BC7-468D-BEB7-A9B7C991B25E}.Release|Any CPU.ActiveCfg = Release|Any CPU
		{C78D8241-4BC7-468D-BEB7-A9B7C991B25E}.Release|Any CPU.Build.0 = Release|Any CPU
		{C78D8241-4BC7-468D-BEB7-A9B7C991B25E}.Release|arm64.ActiveCfg = Release|Any CPU
		{C78D8241-4BC7-468D-BEB7-A9B7C991B25E}.Release|arm64.Build.0 = Release|Any CPU
		{C78D8241-4BC7-468D-BEB7-A9B7C991B25E}.Release|x64.ActiveCfg = Release|Any CPU
		{C78D8241-4BC7-468D-BEB7-A9B7C991B25E}.Release|x64.Build.0 = Release|Any CPU
		{C78D8241-4BC7-468D-BEB7-A9B7C991B25E}.Release|x86.ActiveCfg = Release|Any CPU
		{C78D8241-4BC7-468D-BEB7-A9B7C991B25E}.Release|x86.Build.0 = Release|Any CPU
		{07850380-EA65-A034-DBC7-4F4FC6217577}.Debug|Any CPU.ActiveCfg = Debug|Any CPU
		{07850380-EA65-A034-DBC7-4F4FC6217577}.Debug|Any CPU.Build.0 = Debug|Any CPU
		{07850380-EA65-A034-DBC7-4F4FC6217577}.Debug|arm64.ActiveCfg = Debug|Any CPU
		{07850380-EA65-A034-DBC7-4F4FC6217577}.Debug|arm64.Build.0 = Debug|Any CPU
		{07850380-EA65-A034-DBC7-4F4FC6217577}.Debug|x64.ActiveCfg = Debug|Any CPU
		{07850380-EA65-A034-DBC7-4F4FC6217577}.Debug|x64.Build.0 = Debug|Any CPU
		{07850380-EA65-A034-DBC7-4F4FC6217577}.Debug|x86.ActiveCfg = Debug|Any CPU
		{07850380-EA65-A034-DBC7-4F4FC6217577}.Debug|x86.Build.0 = Debug|Any CPU
		{07850380-EA65-A034-DBC7-4F4FC6217577}.Release|Any CPU.ActiveCfg = Release|Any CPU
		{07850380-EA65-A034-DBC7-4F4FC6217577}.Release|Any CPU.Build.0 = Release|Any CPU
		{07850380-EA65-A034-DBC7-4F4FC6217577}.Release|arm64.ActiveCfg = Release|Any CPU
		{07850380-EA65-A034-DBC7-4F4FC6217577}.Release|arm64.Build.0 = Release|Any CPU
		{07850380-EA65-A034-DBC7-4F4FC6217577}.Release|x64.ActiveCfg = Release|Any CPU
		{07850380-EA65-A034-DBC7-4F4FC6217577}.Release|x64.Build.0 = Release|Any CPU
		{07850380-EA65-A034-DBC7-4F4FC6217577}.Release|x86.ActiveCfg = Release|Any CPU
		{07850380-EA65-A034-DBC7-4F4FC6217577}.Release|x86.Build.0 = Release|Any CPU
		{BFA4FBD4-4EB9-724A-EA48-D2A50DBF404E}.Debug|Any CPU.ActiveCfg = Debug|Any CPU
		{BFA4FBD4-4EB9-724A-EA48-D2A50DBF404E}.Debug|Any CPU.Build.0 = Debug|Any CPU
		{BFA4FBD4-4EB9-724A-EA48-D2A50DBF404E}.Debug|arm64.ActiveCfg = Debug|Any CPU
		{BFA4FBD4-4EB9-724A-EA48-D2A50DBF404E}.Debug|arm64.Build.0 = Debug|Any CPU
		{BFA4FBD4-4EB9-724A-EA48-D2A50DBF404E}.Debug|x64.ActiveCfg = Debug|Any CPU
		{BFA4FBD4-4EB9-724A-EA48-D2A50DBF404E}.Debug|x64.Build.0 = Debug|Any CPU
		{BFA4FBD4-4EB9-724A-EA48-D2A50DBF404E}.Debug|x86.ActiveCfg = Debug|Any CPU
		{BFA4FBD4-4EB9-724A-EA48-D2A50DBF404E}.Debug|x86.Build.0 = Debug|Any CPU
		{BFA4FBD4-4EB9-724A-EA48-D2A50DBF404E}.Release|Any CPU.ActiveCfg = Release|Any CPU
		{BFA4FBD4-4EB9-724A-EA48-D2A50DBF404E}.Release|Any CPU.Build.0 = Release|Any CPU
		{BFA4FBD4-4EB9-724A-EA48-D2A50DBF404E}.Release|arm64.ActiveCfg = Release|Any CPU
		{BFA4FBD4-4EB9-724A-EA48-D2A50DBF404E}.Release|arm64.Build.0 = Release|Any CPU
		{BFA4FBD4-4EB9-724A-EA48-D2A50DBF404E}.Release|x64.ActiveCfg = Release|Any CPU
		{BFA4FBD4-4EB9-724A-EA48-D2A50DBF404E}.Release|x64.Build.0 = Release|Any CPU
		{BFA4FBD4-4EB9-724A-EA48-D2A50DBF404E}.Release|x86.ActiveCfg = Release|Any CPU
		{BFA4FBD4-4EB9-724A-EA48-D2A50DBF404E}.Release|x86.Build.0 = Release|Any CPU
		{013E0344-A744-72D4-19E7-2703F68CEF9E}.Debug|Any CPU.ActiveCfg = Debug|Any CPU
		{013E0344-A744-72D4-19E7-2703F68CEF9E}.Debug|Any CPU.Build.0 = Debug|Any CPU
		{013E0344-A744-72D4-19E7-2703F68CEF9E}.Debug|arm64.ActiveCfg = Debug|Any CPU
		{013E0344-A744-72D4-19E7-2703F68CEF9E}.Debug|arm64.Build.0 = Debug|Any CPU
		{013E0344-A744-72D4-19E7-2703F68CEF9E}.Debug|x64.ActiveCfg = Debug|Any CPU
		{013E0344-A744-72D4-19E7-2703F68CEF9E}.Debug|x64.Build.0 = Debug|Any CPU
		{013E0344-A744-72D4-19E7-2703F68CEF9E}.Debug|x86.ActiveCfg = Debug|Any CPU
		{013E0344-A744-72D4-19E7-2703F68CEF9E}.Debug|x86.Build.0 = Debug|Any CPU
		{013E0344-A744-72D4-19E7-2703F68CEF9E}.Release|Any CPU.ActiveCfg = Release|Any CPU
		{013E0344-A744-72D4-19E7-2703F68CEF9E}.Release|Any CPU.Build.0 = Release|Any CPU
		{013E0344-A744-72D4-19E7-2703F68CEF9E}.Release|arm64.ActiveCfg = Release|Any CPU
		{013E0344-A744-72D4-19E7-2703F68CEF9E}.Release|arm64.Build.0 = Release|Any CPU
		{013E0344-A744-72D4-19E7-2703F68CEF9E}.Release|x64.ActiveCfg = Release|Any CPU
		{013E0344-A744-72D4-19E7-2703F68CEF9E}.Release|x64.Build.0 = Release|Any CPU
		{013E0344-A744-72D4-19E7-2703F68CEF9E}.Release|x86.ActiveCfg = Release|Any CPU
		{013E0344-A744-72D4-19E7-2703F68CEF9E}.Release|x86.Build.0 = Release|Any CPU
		{B9BD15E5-3773-63CA-0EB7-7219E5C899DD}.Debug|Any CPU.ActiveCfg = Debug|Any CPU
		{B9BD15E5-3773-63CA-0EB7-7219E5C899DD}.Debug|Any CPU.Build.0 = Debug|Any CPU
		{B9BD15E5-3773-63CA-0EB7-7219E5C899DD}.Debug|arm64.ActiveCfg = Debug|Any CPU
		{B9BD15E5-3773-63CA-0EB7-7219E5C899DD}.Debug|arm64.Build.0 = Debug|Any CPU
		{B9BD15E5-3773-63CA-0EB7-7219E5C899DD}.Debug|x64.ActiveCfg = Debug|Any CPU
		{B9BD15E5-3773-63CA-0EB7-7219E5C899DD}.Debug|x64.Build.0 = Debug|Any CPU
		{B9BD15E5-3773-63CA-0EB7-7219E5C899DD}.Debug|x86.ActiveCfg = Debug|Any CPU
		{B9BD15E5-3773-63CA-0EB7-7219E5C899DD}.Debug|x86.Build.0 = Debug|Any CPU
		{B9BD15E5-3773-63CA-0EB7-7219E5C899DD}.Release|Any CPU.ActiveCfg = Release|Any CPU
		{B9BD15E5-3773-63CA-0EB7-7219E5C899DD}.Release|Any CPU.Build.0 = Release|Any CPU
		{B9BD15E5-3773-63CA-0EB7-7219E5C899DD}.Release|arm64.ActiveCfg = Release|Any CPU
		{B9BD15E5-3773-63CA-0EB7-7219E5C899DD}.Release|arm64.Build.0 = Release|Any CPU
		{B9BD15E5-3773-63CA-0EB7-7219E5C899DD}.Release|x64.ActiveCfg = Release|Any CPU
		{B9BD15E5-3773-63CA-0EB7-7219E5C899DD}.Release|x64.Build.0 = Release|Any CPU
		{B9BD15E5-3773-63CA-0EB7-7219E5C899DD}.Release|x86.ActiveCfg = Release|Any CPU
		{B9BD15E5-3773-63CA-0EB7-7219E5C899DD}.Release|x86.Build.0 = Release|Any CPU
		{3BFA339A-1325-46A9-BC8E-0A1DA13D9104}.Debug|Any CPU.ActiveCfg = Debug|Any CPU
		{3BFA339A-1325-46A9-BC8E-0A1DA13D9104}.Debug|Any CPU.Build.0 = Debug|Any CPU
		{3BFA339A-1325-46A9-BC8E-0A1DA13D9104}.Debug|arm64.ActiveCfg = Debug|Any CPU
		{3BFA339A-1325-46A9-BC8E-0A1DA13D9104}.Debug|arm64.Build.0 = Debug|Any CPU
		{3BFA339A-1325-46A9-BC8E-0A1DA13D9104}.Debug|x64.ActiveCfg = Debug|Any CPU
		{3BFA339A-1325-46A9-BC8E-0A1DA13D9104}.Debug|x64.Build.0 = Debug|Any CPU
		{3BFA339A-1325-46A9-BC8E-0A1DA13D9104}.Debug|x86.ActiveCfg = Debug|Any CPU
		{3BFA339A-1325-46A9-BC8E-0A1DA13D9104}.Debug|x86.Build.0 = Debug|Any CPU
		{3BFA339A-1325-46A9-BC8E-0A1DA13D9104}.Release|Any CPU.ActiveCfg = Release|Any CPU
		{3BFA339A-1325-46A9-BC8E-0A1DA13D9104}.Release|Any CPU.Build.0 = Release|Any CPU
		{3BFA339A-1325-46A9-BC8E-0A1DA13D9104}.Release|arm64.ActiveCfg = Release|Any CPU
		{3BFA339A-1325-46A9-BC8E-0A1DA13D9104}.Release|arm64.Build.0 = Release|Any CPU
		{3BFA339A-1325-46A9-BC8E-0A1DA13D9104}.Release|x64.ActiveCfg = Release|Any CPU
		{3BFA339A-1325-46A9-BC8E-0A1DA13D9104}.Release|x64.Build.0 = Release|Any CPU
		{3BFA339A-1325-46A9-BC8E-0A1DA13D9104}.Release|x86.ActiveCfg = Release|Any CPU
		{3BFA339A-1325-46A9-BC8E-0A1DA13D9104}.Release|x86.Build.0 = Release|Any CPU
		{18D0D95D-BA13-43F7-B062-95917094A2A8}.Debug|Any CPU.ActiveCfg = Debug|Any CPU
		{18D0D95D-BA13-43F7-B062-95917094A2A8}.Debug|Any CPU.Build.0 = Debug|Any CPU
		{18D0D95D-BA13-43F7-B062-95917094A2A8}.Debug|arm64.ActiveCfg = Debug|Any CPU
		{18D0D95D-BA13-43F7-B062-95917094A2A8}.Debug|arm64.Build.0 = Debug|Any CPU
		{18D0D95D-BA13-43F7-B062-95917094A2A8}.Debug|x64.ActiveCfg = Debug|Any CPU
		{18D0D95D-BA13-43F7-B062-95917094A2A8}.Debug|x64.Build.0 = Debug|Any CPU
		{18D0D95D-BA13-43F7-B062-95917094A2A8}.Debug|x86.ActiveCfg = Debug|Any CPU
		{18D0D95D-BA13-43F7-B062-95917094A2A8}.Debug|x86.Build.0 = Debug|Any CPU
		{18D0D95D-BA13-43F7-B062-95917094A2A8}.Release|Any CPU.ActiveCfg = Release|Any CPU
		{18D0D95D-BA13-43F7-B062-95917094A2A8}.Release|Any CPU.Build.0 = Release|Any CPU
		{18D0D95D-BA13-43F7-B062-95917094A2A8}.Release|arm64.ActiveCfg = Release|Any CPU
		{18D0D95D-BA13-43F7-B062-95917094A2A8}.Release|arm64.Build.0 = Release|Any CPU
		{18D0D95D-BA13-43F7-B062-95917094A2A8}.Release|x64.ActiveCfg = Release|Any CPU
		{18D0D95D-BA13-43F7-B062-95917094A2A8}.Release|x64.Build.0 = Release|Any CPU
		{18D0D95D-BA13-43F7-B062-95917094A2A8}.Release|x86.ActiveCfg = Release|Any CPU
		{18D0D95D-BA13-43F7-B062-95917094A2A8}.Release|x86.Build.0 = Release|Any CPU
	EndGlobalSection
	GlobalSection(SolutionProperties) = preSolution
		HideSolutionNode = FALSE
	EndGlobalSection
	GlobalSection(ExtensibilityGlobals) = postSolution
		SolutionGuid = {845000E2-7F9A-49E4-AF06-7EF032BAB868}
	EndGlobalSection
EndGlobal
